// !$*UTF8*$!
{
	archiveVersion = 1;
	classes = {
	};
	objectVersion = 55;
	objects = {

/* Begin PBXBuildFile section */
		8414492B28AC2B5000308711 /* PresenterScoreVC.swift in Sources */ = {isa = PBXBuildFile; fileRef = 8414492828AC2B4F00308711 /* PresenterScoreVC.swift */; };
		8414492C28AC2B5000308711 /* ScoreViewController.swift in Sources */ = {isa = PBXBuildFile; fileRef = 8414492A28AC2B4F00308711 /* ScoreViewController.swift */; };
		8414492F28AC2B9B00308711 /* Router.swift in Sources */ = {isa = PBXBuildFile; fileRef = 8414492D28AC2B9B00308711 /* Router.swift */; };
		8414493028AC2B9B00308711 /* ModuleBuilder.swift in Sources */ = {isa = PBXBuildFile; fileRef = 8414492E28AC2B9B00308711 /* ModuleBuilder.swift */; };
		8414493328AC57B700308711 /* ScoreTableViewCell.swift in Sources */ = {isa = PBXBuildFile; fileRef = 8414493128AC57B700308711 /* ScoreTableViewCell.swift */; };
		8414493428AC57B700308711 /* ScoreTableViewCell.xib in Resources */ = {isa = PBXBuildFile; fileRef = 8414493228AC57B700308711 /* ScoreTableViewCell.xib */; };
		8414493828AC58FA00308711 /* ScoreViewController+Extensions.swift in Sources */ = {isa = PBXBuildFile; fileRef = 8414493728AC58FA00308711 /* ScoreViewController+Extensions.swift */; };
		842548FC28A1BC850078427F /* AppDelegate.swift in Sources */ = {isa = PBXBuildFile; fileRef = 842548FB28A1BC850078427F /* AppDelegate.swift */; };
		842548FE28A1BC850078427F /* SceneDelegate.swift in Sources */ = {isa = PBXBuildFile; fileRef = 842548FD28A1BC850078427F /* SceneDelegate.swift */; };
		8425490328A1BC850078427F /* Main.storyboard in Resources */ = {isa = PBXBuildFile; fileRef = 8425490128A1BC850078427F /* Main.storyboard */; };
		8425490528A1BC880078427F /* Assets.xcassets in Resources */ = {isa = PBXBuildFile; fileRef = 8425490428A1BC880078427F /* Assets.xcassets */; };
		8425490828A1BC880078427F /* LaunchScreen.storyboard in Resources */ = {isa = PBXBuildFile; fileRef = 8425490628A1BC880078427F /* LaunchScreen.storyboard */; };
		8425491128A32D260078427F /* Alamofire in Frameworks */ = {isa = PBXBuildFile; productRef = 8425491028A32D260078427F /* Alamofire */; };
		8425491428A32E1E0078427F /* Realm in Frameworks */ = {isa = PBXBuildFile; productRef = 8425491328A32E1E0078427F /* Realm */; };
		8425491628A32E1E0078427F /* RealmSwift in Frameworks */ = {isa = PBXBuildFile; productRef = 8425491528A32E1E0078427F /* RealmSwift */; };
		8425491828A32E3C0078427F /* Countries.swift in Sources */ = {isa = PBXBuildFile; fileRef = 8425491728A32E3C0078427F /* Countries.swift */; };
		8425491B28A333FC0078427F /* LeaguesByCountry.swift in Sources */ = {isa = PBXBuildFile; fileRef = 8425491A28A333FC0078427F /* LeaguesByCountry.swift */; };
		84B1D79728A4A6420004A6FF /* LeagueTable.swift in Sources */ = {isa = PBXBuildFile; fileRef = 84B1D79628A4A6420004A6FF /* LeagueTable.swift */; };
		84B1D79928A4A8F30004A6FF /* TimeZone.swift in Sources */ = {isa = PBXBuildFile; fileRef = 84B1D79828A4A8F30004A6FF /* TimeZone.swift */; };
		84B1D79B28A4A9C40004A6FF /* LiveMatches.swift in Sources */ = {isa = PBXBuildFile; fileRef = 84B1D79A28A4A9C40004A6FF /* LiveMatches.swift */; };
		84B1D79D28A4ACB60004A6FF /* MatchesByDate.swift in Sources */ = {isa = PBXBuildFile; fileRef = 84B1D79C28A4ACB60004A6FF /* MatchesByDate.swift */; };
		84B1D79F28A4B2510004A6FF /* MatchesByLeague.swift in Sources */ = {isa = PBXBuildFile; fileRef = 84B1D79E28A4B2510004A6FF /* MatchesByLeague.swift */; };
		84B1D7A128A4B54B0004A6FF /* MatchComments.swift in Sources */ = {isa = PBXBuildFile; fileRef = 84B1D7A028A4B54B0004A6FF /* MatchComments.swift */; };
		84B1D7A328A4B6110004A6FF /* MatchEvents.swift in Sources */ = {isa = PBXBuildFile; fileRef = 84B1D7A228A4B6110004A6FF /* MatchEvents.swift */; };
		84B1D7A528A4B7A60004A6FF /* MatchHeadToHead.swift in Sources */ = {isa = PBXBuildFile; fileRef = 84B1D7A428A4B7A60004A6FF /* MatchHeadToHead.swift */; };
		84B1D7A728A4B98F0004A6FF /* MatchLineups.swift in Sources */ = {isa = PBXBuildFile; fileRef = 84B1D7A628A4B98F0004A6FF /* MatchLineups.swift */; };
		84B1D7A928A4BB0C0004A6FF /* MatchStatistics.swift in Sources */ = {isa = PBXBuildFile; fileRef = 84B1D7A828A4BB0C0004A6FF /* MatchStatistics.swift */; };
		84B1D7AB28A4BC990004A6FF /* AlamofireAPIProvider.swift in Sources */ = {isa = PBXBuildFile; fileRef = 84B1D7AA28A4BC990004A6FF /* AlamofireAPIProvider.swift */; };
		84B1D7AE28A4C1370004A6FF /* Constants.swift in Sources */ = {isa = PBXBuildFile; fileRef = 84B1D7AD28A4C1370004A6FF /* Constants.swift */; };
		84CE377628ACDD4400D3A8AF /* ScoreView.xib in Resources */ = {isa = PBXBuildFile; fileRef = 84CE377528ACDD4400D3A8AF /* ScoreView.xib */; };
/* End PBXBuildFile section */

/* Begin PBXFileReference section */
		8414492828AC2B4F00308711 /* PresenterScoreVC.swift */ = {isa = PBXFileReference; fileEncoding = 4; lastKnownFileType = sourcecode.swift; path = PresenterScoreVC.swift; sourceTree = "<group>"; };
		8414492A28AC2B4F00308711 /* ScoreViewController.swift */ = {isa = PBXFileReference; fileEncoding = 4; lastKnownFileType = sourcecode.swift; path = ScoreViewController.swift; sourceTree = "<group>"; };
		8414492D28AC2B9B00308711 /* Router.swift */ = {isa = PBXFileReference; fileEncoding = 4; lastKnownFileType = sourcecode.swift; name = Router.swift; path = DiplomProject_LiveScoreFootball/Router.swift; sourceTree = SOURCE_ROOT; };
		8414492E28AC2B9B00308711 /* ModuleBuilder.swift */ = {isa = PBXFileReference; fileEncoding = 4; lastKnownFileType = sourcecode.swift; name = ModuleBuilder.swift; path = DiplomProject_LiveScoreFootball/ModuleBuilder.swift; sourceTree = SOURCE_ROOT; };
		8414493128AC57B700308711 /* ScoreTableViewCell.swift */ = {isa = PBXFileReference; lastKnownFileType = sourcecode.swift; path = ScoreTableViewCell.swift; sourceTree = "<group>"; };
		8414493228AC57B700308711 /* ScoreTableViewCell.xib */ = {isa = PBXFileReference; lastKnownFileType = file.xib; path = ScoreTableViewCell.xib; sourceTree = "<group>"; };
		8414493728AC58FA00308711 /* ScoreViewController+Extensions.swift */ = {isa = PBXFileReference; lastKnownFileType = sourcecode.swift; path = "ScoreViewController+Extensions.swift"; sourceTree = "<group>"; };
		842548F828A1BC850078427F /* DiplomProject_LiveScoreFootball.app */ = {isa = PBXFileReference; explicitFileType = wrapper.application; includeInIndex = 0; path = DiplomProject_LiveScoreFootball.app; sourceTree = BUILT_PRODUCTS_DIR; };
		842548FB28A1BC850078427F /* AppDelegate.swift */ = {isa = PBXFileReference; lastKnownFileType = sourcecode.swift; path = AppDelegate.swift; sourceTree = "<group>"; };
		842548FD28A1BC850078427F /* SceneDelegate.swift */ = {isa = PBXFileReference; lastKnownFileType = sourcecode.swift; path = SceneDelegate.swift; sourceTree = "<group>"; };
		8425490228A1BC850078427F /* Base */ = {isa = PBXFileReference; lastKnownFileType = file.storyboard; name = Base; path = Base.lproj/Main.storyboard; sourceTree = "<group>"; };
		8425490428A1BC880078427F /* Assets.xcassets */ = {isa = PBXFileReference; lastKnownFileType = folder.assetcatalog; path = Assets.xcassets; sourceTree = "<group>"; };
		8425490728A1BC880078427F /* Base */ = {isa = PBXFileReference; lastKnownFileType = file.storyboard; name = Base; path = Base.lproj/LaunchScreen.storyboard; sourceTree = "<group>"; };
		8425490928A1BC880078427F /* Info.plist */ = {isa = PBXFileReference; lastKnownFileType = text.plist.xml; path = Info.plist; sourceTree = "<group>"; };
		8425491728A32E3C0078427F /* Countries.swift */ = {isa = PBXFileReference; lastKnownFileType = sourcecode.swift; path = Countries.swift; sourceTree = "<group>"; };
		8425491A28A333FC0078427F /* LeaguesByCountry.swift */ = {isa = PBXFileReference; lastKnownFileType = sourcecode.swift; path = LeaguesByCountry.swift; sourceTree = "<group>"; };
		84B1D79628A4A6420004A6FF /* LeagueTable.swift */ = {isa = PBXFileReference; lastKnownFileType = sourcecode.swift; path = LeagueTable.swift; sourceTree = "<group>"; };
		84B1D79828A4A8F30004A6FF /* TimeZone.swift */ = {isa = PBXFileReference; lastKnownFileType = sourcecode.swift; path = TimeZone.swift; sourceTree = "<group>"; };
		84B1D79A28A4A9C40004A6FF /* LiveMatches.swift */ = {isa = PBXFileReference; lastKnownFileType = sourcecode.swift; path = LiveMatches.swift; sourceTree = "<group>"; };
		84B1D79C28A4ACB60004A6FF /* MatchesByDate.swift */ = {isa = PBXFileReference; lastKnownFileType = sourcecode.swift; path = MatchesByDate.swift; sourceTree = "<group>"; };
		84B1D79E28A4B2510004A6FF /* MatchesByLeague.swift */ = {isa = PBXFileReference; lastKnownFileType = sourcecode.swift; path = MatchesByLeague.swift; sourceTree = "<group>"; };
		84B1D7A028A4B54B0004A6FF /* MatchComments.swift */ = {isa = PBXFileReference; lastKnownFileType = sourcecode.swift; path = MatchComments.swift; sourceTree = "<group>"; };
		84B1D7A228A4B6110004A6FF /* MatchEvents.swift */ = {isa = PBXFileReference; lastKnownFileType = sourcecode.swift; path = MatchEvents.swift; sourceTree = "<group>"; };
		84B1D7A428A4B7A60004A6FF /* MatchHeadToHead.swift */ = {isa = PBXFileReference; lastKnownFileType = sourcecode.swift; path = MatchHeadToHead.swift; sourceTree = "<group>"; };
		84B1D7A628A4B98F0004A6FF /* MatchLineups.swift */ = {isa = PBXFileReference; lastKnownFileType = sourcecode.swift; path = MatchLineups.swift; sourceTree = "<group>"; };
		84B1D7A828A4BB0C0004A6FF /* MatchStatistics.swift */ = {isa = PBXFileReference; lastKnownFileType = sourcecode.swift; path = MatchStatistics.swift; sourceTree = "<group>"; };
		84B1D7AA28A4BC990004A6FF /* AlamofireAPIProvider.swift */ = {isa = PBXFileReference; lastKnownFileType = sourcecode.swift; path = AlamofireAPIProvider.swift; sourceTree = "<group>"; };
		84B1D7AD28A4C1370004A6FF /* Constants.swift */ = {isa = PBXFileReference; lastKnownFileType = sourcecode.swift; path = Constants.swift; sourceTree = "<group>"; };
		84CE377528ACDD4400D3A8AF /* ScoreView.xib */ = {isa = PBXFileReference; lastKnownFileType = file.xib; path = ScoreView.xib; sourceTree = "<group>"; };
/* End PBXFileReference section */

/* Begin PBXFrameworksBuildPhase section */
		842548F528A1BC850078427F /* Frameworks */ = {
			isa = PBXFrameworksBuildPhase;
			buildActionMask = 2147483647;
			files = (
				8425491628A32E1E0078427F /* RealmSwift in Frameworks */,
				8425491428A32E1E0078427F /* Realm in Frameworks */,
				8425491128A32D260078427F /* Alamofire in Frameworks */,
			);
			runOnlyForDeploymentPostprocessing = 0;
		};
/* End PBXFrameworksBuildPhase section */

/* Begin PBXGroup section */
		8414492628AC2B4F00308711 /* ScoreModule */ = {
			isa = PBXGroup;
			children = (
				8414492728AC2B4F00308711 /* Presenter */,
				8414492928AC2B4F00308711 /* View */,
			);
			name = ScoreModule;
			path = DiplomProject_LiveScoreFootball/ScoreModule;
			sourceTree = SOURCE_ROOT;
		};
		8414492728AC2B4F00308711 /* Presenter */ = {
			isa = PBXGroup;
			children = (
				8414492828AC2B4F00308711 /* PresenterScoreVC.swift */,
			);
			path = Presenter;
			sourceTree = "<group>";
		};
		8414492928AC2B4F00308711 /* View */ = {
			isa = PBXGroup;
			children = (
				8414492A28AC2B4F00308711 /* ScoreViewController.swift */,
				84CE377528ACDD4400D3A8AF /* ScoreView.xib */,
			);
			path = View;
			sourceTree = "<group>";
		};
		8414493528AC57C100308711 /* ScoreTableViewCell */ = {
			isa = PBXGroup;
			children = (
				8414493128AC57B700308711 /* ScoreTableViewCell.swift */,
				8414493228AC57B700308711 /* ScoreTableViewCell.xib */,
			);
			path = ScoreTableViewCell;
			sourceTree = "<group>";
		};
		8414493628AC58BE00308711 /* Extensions */ = {
			isa = PBXGroup;
			children = (
				8414493728AC58FA00308711 /* ScoreViewController+Extensions.swift */,
			);
			path = Extensions;
			sourceTree = "<group>";
		};
		842548EF28A1BC850078427F = {
			isa = PBXGroup;
			children = (
				842548FA28A1BC850078427F /* DiplomProject_LiveScoreFootball */,
				842548F928A1BC850078427F /* Products */,
			);
			sourceTree = "<group>";
		};
		842548F928A1BC850078427F /* Products */ = {
			isa = PBXGroup;
			children = (
				842548F828A1BC850078427F /* DiplomProject_LiveScoreFootball.app */,
			);
			name = Products;
			sourceTree = "<group>";
		};
		842548FA28A1BC850078427F /* DiplomProject_LiveScoreFootball */ = {
			isa = PBXGroup;
			children = (
				842548FB28A1BC850078427F /* AppDelegate.swift */,
				842548FD28A1BC850078427F /* SceneDelegate.swift */,
				84B1D7AD28A4C1370004A6FF /* Constants.swift */,
				8414492E28AC2B9B00308711 /* ModuleBuilder.swift */,
				8414492D28AC2B9B00308711 /* Router.swift */,
				8414493628AC58BE00308711 /* Extensions */,
				8414493528AC57C100308711 /* ScoreTableViewCell */,
				84B1D7AC28A4BCA20004A6FF /* Services */,
				8414492628AC2B4F00308711 /* ScoreModule */,
				8425491928A32EAE0078427F /* Models */,
				8425490128A1BC850078427F /* Main.storyboard */,
				8425490428A1BC880078427F /* Assets.xcassets */,
				8425490628A1BC880078427F /* LaunchScreen.storyboard */,
				8425490928A1BC880078427F /* Info.plist */,
			);
			path = DiplomProject_LiveScoreFootball;
			sourceTree = "<group>";
		};
		8425491928A32EAE0078427F /* Models */ = {
			isa = PBXGroup;
			children = (
				8425491728A32E3C0078427F /* Countries.swift */,
				8425491A28A333FC0078427F /* LeaguesByCountry.swift */,
				84B1D79628A4A6420004A6FF /* LeagueTable.swift */,
				84B1D79828A4A8F30004A6FF /* TimeZone.swift */,
				84B1D79A28A4A9C40004A6FF /* LiveMatches.swift */,
				84B1D79C28A4ACB60004A6FF /* MatchesByDate.swift */,
				84B1D79E28A4B2510004A6FF /* MatchesByLeague.swift */,
				84B1D7A028A4B54B0004A6FF /* MatchComments.swift */,
				84B1D7A228A4B6110004A6FF /* MatchEvents.swift */,
				84B1D7A428A4B7A60004A6FF /* MatchHeadToHead.swift */,
				84B1D7A628A4B98F0004A6FF /* MatchLineups.swift */,
				84B1D7A828A4BB0C0004A6FF /* MatchStatistics.swift */,
			);
			path = Models;
			sourceTree = "<group>";
		};
		84B1D7AC28A4BCA20004A6FF /* Services */ = {
			isa = PBXGroup;
			children = (
				84B1D7AA28A4BC990004A6FF /* AlamofireAPIProvider.swift */,
			);
			path = Services;
			sourceTree = "<group>";
		};
/* End PBXGroup section */

/* Begin PBXNativeTarget section */
		842548F728A1BC850078427F /* DiplomProject_LiveScoreFootball */ = {
			isa = PBXNativeTarget;
			buildConfigurationList = 8425490C28A1BC880078427F /* Build configuration list for PBXNativeTarget "DiplomProject_LiveScoreFootball" */;
			buildPhases = (
				842548F428A1BC850078427F /* Sources */,
				842548F528A1BC850078427F /* Frameworks */,
				842548F628A1BC850078427F /* Resources */,
			);
			buildRules = (
			);
			dependencies = (
			);
			name = DiplomProject_LiveScoreFootball;
			packageProductDependencies = (
				8425491028A32D260078427F /* Alamofire */,
				8425491328A32E1E0078427F /* Realm */,
				8425491528A32E1E0078427F /* RealmSwift */,
			);
			productName = DiplomProject_LiveScoreFootball;
			productReference = 842548F828A1BC850078427F /* DiplomProject_LiveScoreFootball.app */;
			productType = "com.apple.product-type.application";
		};
/* End PBXNativeTarget section */

/* Begin PBXProject section */
		842548F028A1BC850078427F /* Project object */ = {
			isa = PBXProject;
			attributes = {
				BuildIndependentTargetsInParallel = 1;
				LastSwiftUpdateCheck = 1340;
				LastUpgradeCheck = 1340;
				TargetAttributes = {
					842548F728A1BC850078427F = {
						CreatedOnToolsVersion = 13.4.1;
					};
				};
			};
			buildConfigurationList = 842548F328A1BC850078427F /* Build configuration list for PBXProject "DiplomProject_LiveScoreFootball" */;
			compatibilityVersion = "Xcode 13.0";
			developmentRegion = en;
			hasScannedForEncodings = 0;
			knownRegions = (
				en,
				Base,
			);
			mainGroup = 842548EF28A1BC850078427F;
			packageReferences = (
				8425490F28A32D260078427F /* XCRemoteSwiftPackageReference "Alamofire" */,
				8425491228A32E1E0078427F /* XCRemoteSwiftPackageReference "realm-swift" */,
			);
			productRefGroup = 842548F928A1BC850078427F /* Products */;
			projectDirPath = "";
			projectRoot = "";
			targets = (
				842548F728A1BC850078427F /* DiplomProject_LiveScoreFootball */,
			);
		};
/* End PBXProject section */

/* Begin PBXResourcesBuildPhase section */
		842548F628A1BC850078427F /* Resources */ = {
			isa = PBXResourcesBuildPhase;
			buildActionMask = 2147483647;
			files = (
				8425490828A1BC880078427F /* LaunchScreen.storyboard in Resources */,
				8414493428AC57B700308711 /* ScoreTableViewCell.xib in Resources */,
				8425490528A1BC880078427F /* Assets.xcassets in Resources */,
				8425490328A1BC850078427F /* Main.storyboard in Resources */,
				84CE377628ACDD4400D3A8AF /* ScoreView.xib in Resources */,
			);
			runOnlyForDeploymentPostprocessing = 0;
		};
/* End PBXResourcesBuildPhase section */

/* Begin PBXSourcesBuildPhase section */
		842548F428A1BC850078427F /* Sources */ = {
			isa = PBXSourcesBuildPhase;
			buildActionMask = 2147483647;
			files = (
				84B1D7AE28A4C1370004A6FF /* Constants.swift in Sources */,
				84B1D79B28A4A9C40004A6FF /* LiveMatches.swift in Sources */,
				8425491B28A333FC0078427F /* LeaguesByCountry.swift in Sources */,
				8414493028AC2B9B00308711 /* ModuleBuilder.swift in Sources */,
				84B1D79F28A4B2510004A6FF /* MatchesByLeague.swift in Sources */,
				842548FC28A1BC850078427F /* AppDelegate.swift in Sources */,
				84B1D7A528A4B7A60004A6FF /* MatchHeadToHead.swift in Sources */,
				8414492F28AC2B9B00308711 /* Router.swift in Sources */,
				84B1D7A128A4B54B0004A6FF /* MatchComments.swift in Sources */,
				84B1D7A328A4B6110004A6FF /* MatchEvents.swift in Sources */,
				84B1D79928A4A8F30004A6FF /* TimeZone.swift in Sources */,
				84B1D79728A4A6420004A6FF /* LeagueTable.swift in Sources */,
				8414493328AC57B700308711 /* ScoreTableViewCell.swift in Sources */,
				84B1D7AB28A4BC990004A6FF /* AlamofireAPIProvider.swift in Sources */,
				84B1D7A728A4B98F0004A6FF /* MatchLineups.swift in Sources */,
				842548FE28A1BC850078427F /* SceneDelegate.swift in Sources */,
				84B1D79D28A4ACB60004A6FF /* MatchesByDate.swift in Sources */,
				8414492B28AC2B5000308711 /* PresenterScoreVC.swift in Sources */,
				8425491828A32E3C0078427F /* Countries.swift in Sources */,
				8414493828AC58FA00308711 /* ScoreViewController+Extensions.swift in Sources */,
				84B1D7A928A4BB0C0004A6FF /* MatchStatistics.swift in Sources */,
				8414492C28AC2B5000308711 /* ScoreViewController.swift in Sources */,
			);
			runOnlyForDeploymentPostprocessing = 0;
		};
/* End PBXSourcesBuildPhase section */

/* Begin PBXVariantGroup section */
		8425490128A1BC850078427F /* Main.storyboard */ = {
			isa = PBXVariantGroup;
			children = (
				8425490228A1BC850078427F /* Base */,
			);
			name = Main.storyboard;
			sourceTree = "<group>";
		};
		8425490628A1BC880078427F /* LaunchScreen.storyboard */ = {
			isa = PBXVariantGroup;
			children = (
				8425490728A1BC880078427F /* Base */,
			);
			name = LaunchScreen.storyboard;
			sourceTree = "<group>";
		};
/* End PBXVariantGroup section */

/* Begin XCBuildConfiguration section */
		8425490A28A1BC880078427F /* Debug */ = {
			isa = XCBuildConfiguration;
			buildSettings = {
				ALWAYS_SEARCH_USER_PATHS = NO;
				CLANG_ANALYZER_NONNULL = YES;
				CLANG_ANALYZER_NUMBER_OBJECT_CONVERSION = YES_AGGRESSIVE;
				CLANG_CXX_LANGUAGE_STANDARD = "gnu++17";
				CLANG_ENABLE_MODULES = YES;
				CLANG_ENABLE_OBJC_ARC = YES;
				CLANG_ENABLE_OBJC_WEAK = YES;
				CLANG_WARN_BLOCK_CAPTURE_AUTORELEASING = YES;
				CLANG_WARN_BOOL_CONVERSION = YES;
				CLANG_WARN_COMMA = YES;
				CLANG_WARN_CONSTANT_CONVERSION = YES;
				CLANG_WARN_DEPRECATED_OBJC_IMPLEMENTATIONS = YES;
				CLANG_WARN_DIRECT_OBJC_ISA_USAGE = YES_ERROR;
				CLANG_WARN_DOCUMENTATION_COMMENTS = YES;
				CLANG_WARN_EMPTY_BODY = YES;
				CLANG_WARN_ENUM_CONVERSION = YES;
				CLANG_WARN_INFINITE_RECURSION = YES;
				CLANG_WARN_INT_CONVERSION = YES;
				CLANG_WARN_NON_LITERAL_NULL_CONVERSION = YES;
				CLANG_WARN_OBJC_IMPLICIT_RETAIN_SELF = YES;
				CLANG_WARN_OBJC_LITERAL_CONVERSION = YES;
				CLANG_WARN_OBJC_ROOT_CLASS = YES_ERROR;
				CLANG_WARN_QUOTED_INCLUDE_IN_FRAMEWORK_HEADER = YES;
				CLANG_WARN_RANGE_LOOP_ANALYSIS = YES;
				CLANG_WARN_STRICT_PROTOTYPES = YES;
				CLANG_WARN_SUSPICIOUS_MOVE = YES;
				CLANG_WARN_UNGUARDED_AVAILABILITY = YES_AGGRESSIVE;
				CLANG_WARN_UNREACHABLE_CODE = YES;
				CLANG_WARN__DUPLICATE_METHOD_MATCH = YES;
				COPY_PHASE_STRIP = NO;
				DEBUG_INFORMATION_FORMAT = dwarf;
				ENABLE_STRICT_OBJC_MSGSEND = YES;
				ENABLE_TESTABILITY = YES;
				GCC_C_LANGUAGE_STANDARD = gnu11;
				GCC_DYNAMIC_NO_PIC = NO;
				GCC_NO_COMMON_BLOCKS = YES;
				GCC_OPTIMIZATION_LEVEL = 0;
				GCC_PREPROCESSOR_DEFINITIONS = (
					"DEBUG=1",
					"$(inherited)",
				);
				GCC_WARN_64_TO_32_BIT_CONVERSION = YES;
				GCC_WARN_ABOUT_RETURN_TYPE = YES_ERROR;
				GCC_WARN_UNDECLARED_SELECTOR = YES;
				GCC_WARN_UNINITIALIZED_AUTOS = YES_AGGRESSIVE;
				GCC_WARN_UNUSED_FUNCTION = YES;
				GCC_WARN_UNUSED_VARIABLE = YES;
				IPHONEOS_DEPLOYMENT_TARGET = 15.5;
				MTL_ENABLE_DEBUG_INFO = INCLUDE_SOURCE;
				MTL_FAST_MATH = YES;
				ONLY_ACTIVE_ARCH = YES;
				SDKROOT = iphoneos;
				SWIFT_ACTIVE_COMPILATION_CONDITIONS = DEBUG;
				SWIFT_OPTIMIZATION_LEVEL = "-Onone";
			};
			name = Debug;
		};
		8425490B28A1BC880078427F /* Release */ = {
			isa = XCBuildConfiguration;
			buildSettings = {
				ALWAYS_SEARCH_USER_PATHS = NO;
				CLANG_ANALYZER_NONNULL = YES;
				CLANG_ANALYZER_NUMBER_OBJECT_CONVERSION = YES_AGGRESSIVE;
				CLANG_CXX_LANGUAGE_STANDARD = "gnu++17";
				CLANG_ENABLE_MODULES = YES;
				CLANG_ENABLE_OBJC_ARC = YES;
				CLANG_ENABLE_OBJC_WEAK = YES;
				CLANG_WARN_BLOCK_CAPTURE_AUTORELEASING = YES;
				CLANG_WARN_BOOL_CONVERSION = YES;
				CLANG_WARN_COMMA = YES;
				CLANG_WARN_CONSTANT_CONVERSION = YES;
				CLANG_WARN_DEPRECATED_OBJC_IMPLEMENTATIONS = YES;
				CLANG_WARN_DIRECT_OBJC_ISA_USAGE = YES_ERROR;
				CLANG_WARN_DOCUMENTATION_COMMENTS = YES;
				CLANG_WARN_EMPTY_BODY = YES;
				CLANG_WARN_ENUM_CONVERSION = YES;
				CLANG_WARN_INFINITE_RECURSION = YES;
				CLANG_WARN_INT_CONVERSION = YES;
				CLANG_WARN_NON_LITERAL_NULL_CONVERSION = YES;
				CLANG_WARN_OBJC_IMPLICIT_RETAIN_SELF = YES;
				CLANG_WARN_OBJC_LITERAL_CONVERSION = YES;
				CLANG_WARN_OBJC_ROOT_CLASS = YES_ERROR;
				CLANG_WARN_QUOTED_INCLUDE_IN_FRAMEWORK_HEADER = YES;
				CLANG_WARN_RANGE_LOOP_ANALYSIS = YES;
				CLANG_WARN_STRICT_PROTOTYPES = YES;
				CLANG_WARN_SUSPICIOUS_MOVE = YES;
				CLANG_WARN_UNGUARDED_AVAILABILITY = YES_AGGRESSIVE;
				CLANG_WARN_UNREACHABLE_CODE = YES;
				CLANG_WARN__DUPLICATE_METHOD_MATCH = YES;
				COPY_PHASE_STRIP = NO;
				DEBUG_INFORMATION_FORMAT = "dwarf-with-dsym";
				ENABLE_NS_ASSERTIONS = NO;
				ENABLE_STRICT_OBJC_MSGSEND = YES;
				GCC_C_LANGUAGE_STANDARD = gnu11;
				GCC_NO_COMMON_BLOCKS = YES;
				GCC_WARN_64_TO_32_BIT_CONVERSION = YES;
				GCC_WARN_ABOUT_RETURN_TYPE = YES_ERROR;
				GCC_WARN_UNDECLARED_SELECTOR = YES;
				GCC_WARN_UNINITIALIZED_AUTOS = YES_AGGRESSIVE;
				GCC_WARN_UNUSED_FUNCTION = YES;
				GCC_WARN_UNUSED_VARIABLE = YES;
				IPHONEOS_DEPLOYMENT_TARGET = 15.5;
				MTL_ENABLE_DEBUG_INFO = NO;
				MTL_FAST_MATH = YES;
				SDKROOT = iphoneos;
				SWIFT_COMPILATION_MODE = wholemodule;
				SWIFT_OPTIMIZATION_LEVEL = "-O";
				VALIDATE_PRODUCT = YES;
			};
			name = Release;
		};
		8425490D28A1BC880078427F /* Debug */ = {
			isa = XCBuildConfiguration;
			buildSettings = {
				ASSETCATALOG_COMPILER_APPICON_NAME = AppIcon;
				ASSETCATALOG_COMPILER_GLOBAL_ACCENT_COLOR_NAME = AccentColor;
				CODE_SIGN_STYLE = Automatic;
				CURRENT_PROJECT_VERSION = 1;
				DEVELOPMENT_TEAM = GZ2W8R43CZ;
				GENERATE_INFOPLIST_FILE = YES;
				INFOPLIST_FILE = DiplomProject_LiveScoreFootball/Info.plist;
				INFOPLIST_KEY_UIApplicationSupportsIndirectInputEvents = YES;
				INFOPLIST_KEY_UILaunchStoryboardName = LaunchScreen;
				INFOPLIST_KEY_UIMainStoryboardFile = Main;
				INFOPLIST_KEY_UISupportedInterfaceOrientations_iPad = "UIInterfaceOrientationPortrait UIInterfaceOrientationPortraitUpsideDown UIInterfaceOrientationLandscapeLeft UIInterfaceOrientationLandscapeRight";
				INFOPLIST_KEY_UISupportedInterfaceOrientations_iPhone = "UIInterfaceOrientationPortrait UIInterfaceOrientationLandscapeLeft UIInterfaceOrientationLandscapeRight";
				LD_RUNPATH_SEARCH_PATHS = (
					"$(inherited)",
					"@executable_path/Frameworks",
				);
				MARKETING_VERSION = 1.0;
				PRODUCT_BUNDLE_IDENTIFIER = "RomanGushchik.DiplomProject-LiveScoreFootball";
				PRODUCT_NAME = "$(TARGET_NAME)";
				SWIFT_EMIT_LOC_STRINGS = YES;
				SWIFT_VERSION = 5.0;
				TARGETED_DEVICE_FAMILY = "1,2";
			};
			name = Debug;
		};
		8425490E28A1BC880078427F /* Release */ = {
			isa = XCBuildConfiguration;
			buildSettings = {
				ASSETCATALOG_COMPILER_APPICON_NAME = AppIcon;
				ASSETCATALOG_COMPILER_GLOBAL_ACCENT_COLOR_NAME = AccentColor;
				CODE_SIGN_STYLE = Automatic;
				CURRENT_PROJECT_VERSION = 1;
				DEVELOPMENT_TEAM = GZ2W8R43CZ;
				GENERATE_INFOPLIST_FILE = YES;
				INFOPLIST_FILE = DiplomProject_LiveScoreFootball/Info.plist;
				INFOPLIST_KEY_UIApplicationSupportsIndirectInputEvents = YES;
				INFOPLIST_KEY_UILaunchStoryboardName = LaunchScreen;
				INFOPLIST_KEY_UIMainStoryboardFile = Main;
				INFOPLIST_KEY_UISupportedInterfaceOrientations_iPad = "UIInterfaceOrientationPortrait UIInterfaceOrientationPortraitUpsideDown UIInterfaceOrientationLandscapeLeft UIInterfaceOrientationLandscapeRight";
				INFOPLIST_KEY_UISupportedInterfaceOrientations_iPhone = "UIInterfaceOrientationPortrait UIInterfaceOrientationLandscapeLeft UIInterfaceOrientationLandscapeRight";
				LD_RUNPATH_SEARCH_PATHS = (
					"$(inherited)",
					"@executable_path/Frameworks",
				);
				MARKETING_VERSION = 1.0;
				PRODUCT_BUNDLE_IDENTIFIER = "RomanGushchik.DiplomProject-LiveScoreFootball";
				PRODUCT_NAME = "$(TARGET_NAME)";
				SWIFT_EMIT_LOC_STRINGS = YES;
				SWIFT_VERSION = 5.0;
				TARGETED_DEVICE_FAMILY = "1,2";
			};
			name = Release;
		};
/* End XCBuildConfiguration section */

/* Begin XCConfigurationList section */
		842548F328A1BC850078427F /* Build configuration list for PBXProject "DiplomProject_LiveScoreFootball" */ = {
			isa = XCConfigurationList;
			buildConfigurations = (
				8425490A28A1BC880078427F /* Debug */,
				8425490B28A1BC880078427F /* Release */,
			);
			defaultConfigurationIsVisible = 0;
			defaultConfigurationName = Release;
		};
		8425490C28A1BC880078427F /* Build configuration list for PBXNativeTarget "DiplomProject_LiveScoreFootball" */ = {
			isa = XCConfigurationList;
			buildConfigurations = (
				8425490D28A1BC880078427F /* Debug */,
				8425490E28A1BC880078427F /* Release */,
			);
			defaultConfigurationIsVisible = 0;
			defaultConfigurationName = Release;
		};
/* End XCConfigurationList section */

/* Begin XCRemoteSwiftPackageReference section */
		8425490F28A32D260078427F /* XCRemoteSwiftPackageReference "Alamofire" */ = {
			isa = XCRemoteSwiftPackageReference;
			repositoryURL = "https://github.com/Alamofire/Alamofire.git";
			requirement = {
				kind = upToNextMajorVersion;
				minimumVersion = 5.0.0;
			};
		};
		8425491228A32E1E0078427F /* XCRemoteSwiftPackageReference "realm-swift" */ = {
			isa = XCRemoteSwiftPackageReference;
			repositoryURL = "https://github.com/realm/realm-swift.git";
			requirement = {
				kind = upToNextMajorVersion;
				minimumVersion = 10.28.2;
			};
		};
/* End XCRemoteSwiftPackageReference section */

/* Begin XCSwiftPackageProductDependency section */
		8425491028A32D260078427F /* Alamofire */ = {
			isa = XCSwiftPackageProductDependency;
			package = 8425490F28A32D260078427F /* XCRemoteSwiftPackageReference "Alamofire" */;
			productName = Alamofire;
		};
		8425491328A32E1E0078427F /* Realm */ = {
			isa = XCSwiftPackageProductDependency;
			package = 8425491228A32E1E0078427F /* XCRemoteSwiftPackageReference "realm-swift" */;
			productName = Realm;
		};
		8425491528A32E1E0078427F /* RealmSwift */ = {
			isa = XCSwiftPackageProductDependency;
			package = 8425491228A32E1E0078427F /* XCRemoteSwiftPackageReference "realm-swift" */;
			productName = RealmSwift;
		};
/* End XCSwiftPackageProductDependency section */
	};
	rootObject = 842548F028A1BC850078427F /* Project object */;
}
