// !$*UTF8*$!
{
	archiveVersion = 1;
	classes = {
	};
	objectVersion = 55;
	objects = {

/* Begin PBXBuildFile section */
		840550D128D361B700A3FBBF /* InfoPlist.strings in Resources */ = {isa = PBXBuildFile; fileRef = 840550D328D361B700A3FBBF /* InfoPlist.strings */; };
		8410573C28D310C800741B11 /* LogOutViewController.swift in Sources */ = {isa = PBXBuildFile; fileRef = 8410573A28D310C800741B11 /* LogOutViewController.swift */; };
		8410573D28D310C800741B11 /* LogOutViewController.xib in Resources */ = {isa = PBXBuildFile; fileRef = 8410573B28D310C800741B11 /* LogOutViewController.xib */; };
		8410573F28D3110200741B11 /* LogOutViewPresenter.swift in Sources */ = {isa = PBXBuildFile; fileRef = 8410573E28D3110100741B11 /* LogOutViewPresenter.swift */; };
		8410574128D3111000741B11 /* LogOutRouter.swift in Sources */ = {isa = PBXBuildFile; fileRef = 8410574028D3110F00741B11 /* LogOutRouter.swift */; };
		8414492B28AC2B5000308711 /* ScoreViewPresenter.swift in Sources */ = {isa = PBXBuildFile; fileRef = 8414492828AC2B4F00308711 /* ScoreViewPresenter.swift */; };
		8414492C28AC2B5000308711 /* ScoreViewController.swift in Sources */ = {isa = PBXBuildFile; fileRef = 8414492A28AC2B4F00308711 /* ScoreViewController.swift */; };
		8414492F28AC2B9B00308711 /* Router.swift in Sources */ = {isa = PBXBuildFile; fileRef = 8414492D28AC2B9B00308711 /* Router.swift */; };
		8414493028AC2B9B00308711 /* ModuleBuilder.swift in Sources */ = {isa = PBXBuildFile; fileRef = 8414492E28AC2B9B00308711 /* ModuleBuilder.swift */; };
		8414493328AC57B700308711 /* ScoreTableViewCell.swift in Sources */ = {isa = PBXBuildFile; fileRef = 8414493128AC57B700308711 /* ScoreTableViewCell.swift */; };
		8414493428AC57B700308711 /* ScoreTableViewCell.xib in Resources */ = {isa = PBXBuildFile; fileRef = 8414493228AC57B700308711 /* ScoreTableViewCell.xib */; };
		8414493828AC58FA00308711 /* ScoreViewController+Extensions.swift in Sources */ = {isa = PBXBuildFile; fileRef = 8414493728AC58FA00308711 /* ScoreViewController+Extensions.swift */; };
		841FD90328CCB54700905828 /* SVGKit in Frameworks */ = {isa = PBXBuildFile; productRef = 841FD90228CCB54700905828 /* SVGKit */; };
		841FD90528CCB54700905828 /* SVGKitSwift in Frameworks */ = {isa = PBXBuildFile; productRef = 841FD90428CCB54700905828 /* SVGKitSwift */; };
		841FD90728CCF3BA00905828 /* UITableView+Extensions.swift in Sources */ = {isa = PBXBuildFile; fileRef = 841FD90628CCF3B900905828 /* UITableView+Extensions.swift */; };
		842548FC28A1BC850078427F /* AppDelegate.swift in Sources */ = {isa = PBXBuildFile; fileRef = 842548FB28A1BC850078427F /* AppDelegate.swift */; };
		842548FE28A1BC850078427F /* SceneDelegate.swift in Sources */ = {isa = PBXBuildFile; fileRef = 842548FD28A1BC850078427F /* SceneDelegate.swift */; };
		8425490328A1BC850078427F /* Main.storyboard in Resources */ = {isa = PBXBuildFile; fileRef = 8425490128A1BC850078427F /* Main.storyboard */; };
		8425490528A1BC880078427F /* Assets.xcassets in Resources */ = {isa = PBXBuildFile; fileRef = 8425490428A1BC880078427F /* Assets.xcassets */; };
		8425490828A1BC880078427F /* LaunchScreen.storyboard in Resources */ = {isa = PBXBuildFile; fileRef = 8425490628A1BC880078427F /* LaunchScreen.storyboard */; };
		8425491128A32D260078427F /* Alamofire in Frameworks */ = {isa = PBXBuildFile; productRef = 8425491028A32D260078427F /* Alamofire */; };
		8425491428A32E1E0078427F /* Realm in Frameworks */ = {isa = PBXBuildFile; productRef = 8425491328A32E1E0078427F /* Realm */; };
		8425491628A32E1E0078427F /* RealmSwift in Frameworks */ = {isa = PBXBuildFile; productRef = 8425491528A32E1E0078427F /* RealmSwift */; };
		8425491828A32E3C0078427F /* Countries.swift in Sources */ = {isa = PBXBuildFile; fileRef = 8425491728A32E3C0078427F /* Countries.swift */; };
		8425491B28A333FC0078427F /* LeaguesByCountry.swift in Sources */ = {isa = PBXBuildFile; fileRef = 8425491A28A333FC0078427F /* LeaguesByCountry.swift */; };
		842CA0CA28D298D900DE62BD /* FirebaseAnalytics in Frameworks */ = {isa = PBXBuildFile; productRef = 842CA0C928D298D900DE62BD /* FirebaseAnalytics */; };
		842CA0CC28D298D900DE62BD /* FirebaseAnalyticsSwift in Frameworks */ = {isa = PBXBuildFile; productRef = 842CA0CB28D298D900DE62BD /* FirebaseAnalyticsSwift */; };
		842CA0CE28D298D900DE62BD /* FirebaseAppCheck in Frameworks */ = {isa = PBXBuildFile; productRef = 842CA0CD28D298D900DE62BD /* FirebaseAppCheck */; };
		842CA0D028D298D900DE62BD /* FirebaseAuth in Frameworks */ = {isa = PBXBuildFile; productRef = 842CA0CF28D298D900DE62BD /* FirebaseAuth */; };
		842CA0D228D298D900DE62BD /* FirebaseDatabase in Frameworks */ = {isa = PBXBuildFile; productRef = 842CA0D128D298D900DE62BD /* FirebaseDatabase */; };
		842CA0D428D298D900DE62BD /* FirebaseDatabaseSwift in Frameworks */ = {isa = PBXBuildFile; productRef = 842CA0D328D298D900DE62BD /* FirebaseDatabaseSwift */; };
		842CA0D628D298D900DE62BD /* FirebaseFirestore in Frameworks */ = {isa = PBXBuildFile; productRef = 842CA0D528D298D900DE62BD /* FirebaseFirestore */; };
		842CA0D828D298D900DE62BD /* FirebaseFirestoreSwift in Frameworks */ = {isa = PBXBuildFile; productRef = 842CA0D728D298D900DE62BD /* FirebaseFirestoreSwift */; };
		842CA0DA28D298D900DE62BD /* FirebaseMessaging in Frameworks */ = {isa = PBXBuildFile; productRef = 842CA0D928D298D900DE62BD /* FirebaseMessaging */; };
		842CA0DC28D298D900DE62BD /* FirebaseStorage in Frameworks */ = {isa = PBXBuildFile; productRef = 842CA0DB28D298D900DE62BD /* FirebaseStorage */; };
		842CA0DE28D29AA000DE62BD /* GoogleService-Info.plist in Resources */ = {isa = PBXBuildFile; fileRef = 842CA0DD28D29AA000DE62BD /* GoogleService-Info.plist */; };
		844DB4DD28C8FB3F002F5C9A /* PlayersByLeagueID.swift in Sources */ = {isa = PBXBuildFile; fileRef = 844DB4DC28C8FB3E002F5C9A /* PlayersByLeagueID.swift */; };
		844DB4E028C8FDF8002F5C9A /* PlayersByTeamIdTableViewCell.swift in Sources */ = {isa = PBXBuildFile; fileRef = 844DB4DE28C8FDF8002F5C9A /* PlayersByTeamIdTableViewCell.swift */; };
		844DB4E128C8FDF8002F5C9A /* PlayersByTeamIdTableViewCell.xib in Resources */ = {isa = PBXBuildFile; fileRef = 844DB4DF28C8FDF8002F5C9A /* PlayersByTeamIdTableViewCell.xib */; };
		8462CF9928C90A67006B6B50 /* StandingCollectionViewCell.swift in Sources */ = {isa = PBXBuildFile; fileRef = 8462CF9728C90A67006B6B50 /* StandingCollectionViewCell.swift */; };
		8462CF9A28C90A67006B6B50 /* StandingCollectionViewCell.xib in Resources */ = {isa = PBXBuildFile; fileRef = 8462CF9828C90A67006B6B50 /* StandingCollectionViewCell.xib */; };
		8462CF9D28C9CFE9006B6B50 /* LastFixturesByLeagueTableViewCell.swift in Sources */ = {isa = PBXBuildFile; fileRef = 8462CF9B28C9CFE9006B6B50 /* LastFixturesByLeagueTableViewCell.swift */; };
		8462CF9E28C9CFE9006B6B50 /* LastFixturesByLeagueTableViewCell.xib in Resources */ = {isa = PBXBuildFile; fileRef = 8462CF9C28C9CFE9006B6B50 /* LastFixturesByLeagueTableViewCell.xib */; };
		8476A4D628C4BF8600E58D73 /* SecondTeamEventsTableViewCell.swift in Sources */ = {isa = PBXBuildFile; fileRef = 8476A4D428C4BF8600E58D73 /* SecondTeamEventsTableViewCell.swift */; };
		8476A4D728C4BF8600E58D73 /* SecondTeamEventsTableViewCell.xib in Resources */ = {isa = PBXBuildFile; fileRef = 8476A4D528C4BF8600E58D73 /* SecondTeamEventsTableViewCell.xib */; };
		8476A4DA28C4DA0700E58D73 /* StatisticsTableViewCell.swift in Sources */ = {isa = PBXBuildFile; fileRef = 8476A4D828C4DA0700E58D73 /* StatisticsTableViewCell.swift */; };
		8476A4DB28C4DA0700E58D73 /* StatisticsTableViewCell.xib in Resources */ = {isa = PBXBuildFile; fileRef = 8476A4D928C4DA0700E58D73 /* StatisticsTableViewCell.xib */; };
		8476A4DE28C7297700E58D73 /* MatchLineupsTableViewCell.swift in Sources */ = {isa = PBXBuildFile; fileRef = 8476A4DC28C7297700E58D73 /* MatchLineupsTableViewCell.swift */; };
		8476A4DF28C7297700E58D73 /* MatchLineupsTableViewCell.xib in Resources */ = {isa = PBXBuildFile; fileRef = 8476A4DD28C7297700E58D73 /* MatchLineupsTableViewCell.xib */; };
		848E85F928C14DC300D3804C /* FutureTeamInfoTableViewCell.swift in Sources */ = {isa = PBXBuildFile; fileRef = 848E85F728C14DC300D3804C /* FutureTeamInfoTableViewCell.swift */; };
		848E85FA28C14DC300D3804C /* FutureTeamInfoTableViewCell.xib in Resources */ = {isa = PBXBuildFile; fileRef = 848E85F828C14DC300D3804C /* FutureTeamInfoTableViewCell.xib */; };
		848E860328C1CEB600D3804C /* EventsTableViewCell.swift in Sources */ = {isa = PBXBuildFile; fileRef = 848E860128C1CEB600D3804C /* EventsTableViewCell.swift */; };
		848E860428C1CEB600D3804C /* EventsTableViewCell.xib in Resources */ = {isa = PBXBuildFile; fileRef = 848E860228C1CEB600D3804C /* EventsTableViewCell.xib */; };
		848E860728C1CF1C00D3804C /* MatchEventsViewController.swift in Sources */ = {isa = PBXBuildFile; fileRef = 848E860528C1CF1B00D3804C /* MatchEventsViewController.swift */; };
		848E860828C1CF1C00D3804C /* MatchEventsViewController.xib in Resources */ = {isa = PBXBuildFile; fileRef = 848E860628C1CF1B00D3804C /* MatchEventsViewController.xib */; };
		848E860A28C1D03C00D3804C /* MatchEventsViewPresenterProtocol.swift in Sources */ = {isa = PBXBuildFile; fileRef = 848E860928C1D03C00D3804C /* MatchEventsViewPresenterProtocol.swift */; };
		848E860D28C1D0B100D3804C /* EventsCollectionViewCell.swift in Sources */ = {isa = PBXBuildFile; fileRef = 848E860B28C1D0B100D3804C /* EventsCollectionViewCell.swift */; };
		848E860E28C1D0B100D3804C /* EventsCollectionViewCell.xib in Resources */ = {isa = PBXBuildFile; fileRef = 848E860C28C1D0B100D3804C /* EventsCollectionViewCell.xib */; };
		848E861028C1D28000D3804C /* MatchEventsRouter.swift in Sources */ = {isa = PBXBuildFile; fileRef = 848E860F28C1D28000D3804C /* MatchEventsRouter.swift */; };
		848E861228C1D59A00D3804C /* MatchEventsViewController+Extensions.swift in Sources */ = {isa = PBXBuildFile; fileRef = 848E861128C1D59A00D3804C /* MatchEventsViewController+Extensions.swift */; };
		848E9F3128BDD16E002A520C /* TeamInfoViewController.swift in Sources */ = {isa = PBXBuildFile; fileRef = 848E9F2F28BDD16E002A520C /* TeamInfoViewController.swift */; };
		848E9F3228BDD16E002A520C /* TeamInfoViewController.xib in Resources */ = {isa = PBXBuildFile; fileRef = 848E9F3028BDD16E002A520C /* TeamInfoViewController.xib */; };
		848E9F3828BDD344002A520C /* TeamInfoViewPresenterProtocol.swift in Sources */ = {isa = PBXBuildFile; fileRef = 848E9F3728BDD344002A520C /* TeamInfoViewPresenterProtocol.swift */; };
		848E9F3A28BDD567002A520C /* TeamInfoRouter.swift in Sources */ = {isa = PBXBuildFile; fileRef = 848E9F3928BDD567002A520C /* TeamInfoRouter.swift */; };
		848E9F3C28BDDC24002A520C /* TeamInfoViewController+Extensions.swift in Sources */ = {isa = PBXBuildFile; fileRef = 848E9F3B28BDDC24002A520C /* TeamInfoViewController+Extensions.swift */; };
		848E9F3F28C04FFE002A520C /* TeamInfoCollectionViewCell.swift in Sources */ = {isa = PBXBuildFile; fileRef = 848E9F3D28C04FFE002A520C /* TeamInfoCollectionViewCell.swift */; };
		848E9F4028C04FFE002A520C /* TeamInfoCollectionViewCell.xib in Resources */ = {isa = PBXBuildFile; fileRef = 848E9F3E28C04FFE002A520C /* TeamInfoCollectionViewCell.xib */; };
		848E9F4728C05D03002A520C /* ModelsForCollectionCells.swift in Sources */ = {isa = PBXBuildFile; fileRef = 848E9F4628C05D03002A520C /* ModelsForCollectionCells.swift */; };
		84B1D79728A4A6420004A6FF /* LeagueTable.swift in Sources */ = {isa = PBXBuildFile; fileRef = 84B1D79628A4A6420004A6FF /* LeagueTable.swift */; };
		84B1D79928A4A8F30004A6FF /* TimeZone.swift in Sources */ = {isa = PBXBuildFile; fileRef = 84B1D79828A4A8F30004A6FF /* TimeZone.swift */; };
		84B1D79B28A4A9C40004A6FF /* LiveMatches.swift in Sources */ = {isa = PBXBuildFile; fileRef = 84B1D79A28A4A9C40004A6FF /* LiveMatches.swift */; };
		84B1D79D28A4ACB60004A6FF /* MatchesByDate.swift in Sources */ = {isa = PBXBuildFile; fileRef = 84B1D79C28A4ACB60004A6FF /* MatchesByDate.swift */; };
		84B1D79F28A4B2510004A6FF /* MatchesByLeague.swift in Sources */ = {isa = PBXBuildFile; fileRef = 84B1D79E28A4B2510004A6FF /* MatchesByLeague.swift */; };
		84B1D7A328A4B6110004A6FF /* MatchEvents.swift in Sources */ = {isa = PBXBuildFile; fileRef = 84B1D7A228A4B6110004A6FF /* MatchEvents.swift */; };
		84B1D7A528A4B7A60004A6FF /* MatchHeadToHead.swift in Sources */ = {isa = PBXBuildFile; fileRef = 84B1D7A428A4B7A60004A6FF /* MatchHeadToHead.swift */; };
		84B1D7A728A4B98F0004A6FF /* MatchLineups.swift in Sources */ = {isa = PBXBuildFile; fileRef = 84B1D7A628A4B98F0004A6FF /* MatchLineups.swift */; };
		84B1D7A928A4BB0C0004A6FF /* MatchStatistics.swift in Sources */ = {isa = PBXBuildFile; fileRef = 84B1D7A828A4BB0C0004A6FF /* MatchStatistics.swift */; };
		84B1D7AB28A4BC990004A6FF /* AlamofireAPIProvider.swift in Sources */ = {isa = PBXBuildFile; fileRef = 84B1D7AA28A4BC990004A6FF /* AlamofireAPIProvider.swift */; };
		84B1D7AE28A4C1370004A6FF /* Constants.swift in Sources */ = {isa = PBXBuildFile; fileRef = 84B1D7AD28A4C1370004A6FF /* Constants.swift */; };
		84BD035E28B6174B00E37B33 /* LeaguesByCountryRouter.swift in Sources */ = {isa = PBXBuildFile; fileRef = 84BD035D28B6174B00E37B33 /* LeaguesByCountryRouter.swift */; };
		84BD036128B7169000E37B33 /* ScoreRouter.swift in Sources */ = {isa = PBXBuildFile; fileRef = 84BD036028B7169000E37B33 /* ScoreRouter.swift */; };
		84BD036428B71B4000E37B33 /* FavouritesRouter.swift in Sources */ = {isa = PBXBuildFile; fileRef = 84BD036328B71B4000E37B33 /* FavouritesRouter.swift */; };
		84BD036728B71C6700E37B33 /* LiveRouter.swift in Sources */ = {isa = PBXBuildFile; fileRef = 84BD036628B71C6700E37B33 /* LiveRouter.swift */; };
		84BD036F28B7249600E37B33 /* StandingViewController.swift in Sources */ = {isa = PBXBuildFile; fileRef = 84BD036D28B7249600E37B33 /* StandingViewController.swift */; };
		84BD037028B7249600E37B33 /* StandingViewController.xib in Resources */ = {isa = PBXBuildFile; fileRef = 84BD036E28B7249600E37B33 /* StandingViewController.xib */; };
		84BD037228B725F700E37B33 /* StandingViewPresenter.swift in Sources */ = {isa = PBXBuildFile; fileRef = 84BD037128B725F700E37B33 /* StandingViewPresenter.swift */; };
		84BD037528B727B400E37B33 /* StandingTableViewCell.swift in Sources */ = {isa = PBXBuildFile; fileRef = 84BD037328B727B400E37B33 /* StandingTableViewCell.swift */; };
		84BD037628B727B400E37B33 /* StandingTableViewCell.xib in Resources */ = {isa = PBXBuildFile; fileRef = 84BD037428B727B400E37B33 /* StandingTableViewCell.xib */; };
		84CA2DBB28B72DA5001049E5 /* StandingRouter.swift in Sources */ = {isa = PBXBuildFile; fileRef = 84CA2DBA28B72DA5001049E5 /* StandingRouter.swift */; };
		84CA2DBD28B730D5001049E5 /* StandingViewController+Extensions.swift in Sources */ = {isa = PBXBuildFile; fileRef = 84CA2DBC28B730D5001049E5 /* StandingViewController+Extensions.swift */; };
		84CA2DC028B7CBF1001049E5 /* DateTableViewCell.swift in Sources */ = {isa = PBXBuildFile; fileRef = 84CA2DBE28B7CBF1001049E5 /* DateTableViewCell.swift */; };
		84CA2DC128B7CBF1001049E5 /* DateTableViewCell.xib in Resources */ = {isa = PBXBuildFile; fileRef = 84CA2DBF28B7CBF1001049E5 /* DateTableViewCell.xib */; };
		84CA2DC528B7CDA7001049E5 /* DateCollectionViewCell.swift in Sources */ = {isa = PBXBuildFile; fileRef = 84CA2DC328B7CDA7001049E5 /* DateCollectionViewCell.swift */; };
		84CA2DC628B7CDA7001049E5 /* DateCollectionViewCell.xib in Resources */ = {isa = PBXBuildFile; fileRef = 84CA2DC428B7CDA7001049E5 /* DateCollectionViewCell.xib */; };
		84CA2DC828B91A79001049E5 /* UiViewController+Extensions.swift in Sources */ = {isa = PBXBuildFile; fileRef = 84CA2DC728B91A79001049E5 /* UiViewController+Extensions.swift */; };
		84CE377628ACDD4400D3A8AF /* ScoreView.xib in Resources */ = {isa = PBXBuildFile; fileRef = 84CE377528ACDD4400D3A8AF /* ScoreView.xib */; };
		84D0E0E728B603D100DBB538 /* TablesRouter.swift in Sources */ = {isa = PBXBuildFile; fileRef = 84D0E0E628B603D100DBB538 /* TablesRouter.swift */; };
		84D4F32C28B5C63A000EE729 /* LeaguesByCountryViewController.swift in Sources */ = {isa = PBXBuildFile; fileRef = 84D4F32A28B5C63A000EE729 /* LeaguesByCountryViewController.swift */; };
		84D4F32D28B5C63A000EE729 /* LeaguesByCountryViewController.xib in Resources */ = {isa = PBXBuildFile; fileRef = 84D4F32B28B5C63A000EE729 /* LeaguesByCountryViewController.xib */; };
		84D4F32F28B5C745000EE729 /* LeaguesByCountryViewPresenter.swift in Sources */ = {isa = PBXBuildFile; fileRef = 84D4F32E28B5C745000EE729 /* LeaguesByCountryViewPresenter.swift */; };
		84D4F33228B5C9B3000EE729 /* LeaguesByCountryTableViewCell.swift in Sources */ = {isa = PBXBuildFile; fileRef = 84D4F33028B5C9B3000EE729 /* LeaguesByCountryTableViewCell.swift */; };
		84D4F33328B5C9B3000EE729 /* LeaguesByCountryTableViewCell.xib in Resources */ = {isa = PBXBuildFile; fileRef = 84D4F33128B5C9B3000EE729 /* LeaguesByCountryTableViewCell.xib */; };
		84D4F33528B5DBBB000EE729 /* LeaguesByCountryName+Extensions.swift in Sources */ = {isa = PBXBuildFile; fileRef = 84D4F33428B5DBBA000EE729 /* LeaguesByCountryName+Extensions.swift */; };
		84EAD93628CE1C85001F3EB6 /* String+Extensions.swift in Sources */ = {isa = PBXBuildFile; fileRef = 84EAD93528CE1C85001F3EB6 /* String+Extensions.swift */; };
		84EE906D28B05C9B005EE75C /* UiImageView+Extansion.swift in Sources */ = {isa = PBXBuildFile; fileRef = 84EE906C28B05C9B005EE75C /* UiImageView+Extansion.swift */; };
		84EE907228B1CF36005EE75C /* LiveViewPresenter.swift in Sources */ = {isa = PBXBuildFile; fileRef = 84EE907128B1CF36005EE75C /* LiveViewPresenter.swift */; };
		84EE907528B1CF7D005EE75C /* LiveViewController.swift in Sources */ = {isa = PBXBuildFile; fileRef = 84EE907328B1CF7D005EE75C /* LiveViewController.swift */; };
		84EE907628B1CF7D005EE75C /* LiveViewController.xib in Resources */ = {isa = PBXBuildFile; fileRef = 84EE907428B1CF7D005EE75C /* LiveViewController.xib */; };
		84EE907828B1DD0E005EE75C /* TabBarViewController.swift in Sources */ = {isa = PBXBuildFile; fileRef = 84EE907728B1DD0E005EE75C /* TabBarViewController.swift */; };
		84EE907A28B1E390005EE75C /* LiveViewController+Extensions.swift in Sources */ = {isa = PBXBuildFile; fileRef = 84EE907928B1E390005EE75C /* LiveViewController+Extensions.swift */; };
		84EE907F28B1E5CA005EE75C /* FavouritesViewPresenterProtocol.swift in Sources */ = {isa = PBXBuildFile; fileRef = 84EE907E28B1E5CA005EE75C /* FavouritesViewPresenterProtocol.swift */; };
		84EE908228B1E603005EE75C /* FavouritesViewController.swift in Sources */ = {isa = PBXBuildFile; fileRef = 84EE908028B1E603005EE75C /* FavouritesViewController.swift */; };
		84EE908328B1E603005EE75C /* FavouritesViewController.xib in Resources */ = {isa = PBXBuildFile; fileRef = 84EE908128B1E603005EE75C /* FavouritesViewController.xib */; };
		84EE908528B1EB26005EE75C /* FavouritesViewController+Extensions.swift in Sources */ = {isa = PBXBuildFile; fileRef = 84EE908428B1EB26005EE75C /* FavouritesViewController+Extensions.swift */; };
		84EE908C28B1EE21005EE75C /* TablesViewController.swift in Sources */ = {isa = PBXBuildFile; fileRef = 84EE908A28B1EE21005EE75C /* TablesViewController.swift */; };
		84EE908D28B1EE21005EE75C /* TablesViewController.xib in Resources */ = {isa = PBXBuildFile; fileRef = 84EE908B28B1EE21005EE75C /* TablesViewController.xib */; };
		84EE908F28B1EF1B005EE75C /* TablesViewPresenter.swift in Sources */ = {isa = PBXBuildFile; fileRef = 84EE908E28B1EF1B005EE75C /* TablesViewPresenter.swift */; };
		84EE909128B1F2B0005EE75C /* TablesViewController+Extensions.swift in Sources */ = {isa = PBXBuildFile; fileRef = 84EE909028B1F2B0005EE75C /* TablesViewController+Extensions.swift */; };
		84EE909528B25CBA005EE75C /* LiveTableViewCell.swift in Sources */ = {isa = PBXBuildFile; fileRef = 84EE909328B25CBA005EE75C /* LiveTableViewCell.swift */; };
		84EE909628B25CBA005EE75C /* LiveTableViewCell.xib in Resources */ = {isa = PBXBuildFile; fileRef = 84EE909428B25CBA005EE75C /* LiveTableViewCell.xib */; };
		84EE909928B37808005EE75C /* TablesViewCell.swift in Sources */ = {isa = PBXBuildFile; fileRef = 84EE909728B37808005EE75C /* TablesViewCell.swift */; };
		84EE909A28B37808005EE75C /* TablesViewCell.xib in Resources */ = {isa = PBXBuildFile; fileRef = 84EE909828B37808005EE75C /* TablesViewCell.xib */; };
		84FB8EE228CFAF16005E6B0E /* SnapKit in Frameworks */ = {isa = PBXBuildFile; productRef = 84FB8EE128CFAF16005E6B0E /* SnapKit */; };
		84FB8EEB28D2358C005E6B0E /* AuthorizationViewController.swift in Sources */ = {isa = PBXBuildFile; fileRef = 84FB8EE928D2358C005E6B0E /* AuthorizationViewController.swift */; };
		84FB8EEC28D2358C005E6B0E /* AuthorizationViewController.xib in Resources */ = {isa = PBXBuildFile; fileRef = 84FB8EEA28D2358C005E6B0E /* AuthorizationViewController.xib */; };
		84FB8EEE28D23678005E6B0E /* AuthorizationViewPresenter.swift in Sources */ = {isa = PBXBuildFile; fileRef = 84FB8EED28D23677005E6B0E /* AuthorizationViewPresenter.swift */; };
		84FB8EF028D236DE005E6B0E /* AuthorizationRouter.swift in Sources */ = {isa = PBXBuildFile; fileRef = 84FB8EEF28D236DE005E6B0E /* AuthorizationRouter.swift */; };
		84FB8EF628D24635005E6B0E /* RegistrationViewController.swift in Sources */ = {isa = PBXBuildFile; fileRef = 84FB8EF428D24635005E6B0E /* RegistrationViewController.swift */; };
		84FB8EF728D24635005E6B0E /* RegistrationViewController.xib in Resources */ = {isa = PBXBuildFile; fileRef = 84FB8EF528D24635005E6B0E /* RegistrationViewController.xib */; };
		84FB8EF928D246C8005E6B0E /* RegistrationViewPresenter.swift in Sources */ = {isa = PBXBuildFile; fileRef = 84FB8EF828D246C8005E6B0E /* RegistrationViewPresenter.swift */; };
		84FB8EFB28D24713005E6B0E /* RegistrationRouter.swift in Sources */ = {isa = PBXBuildFile; fileRef = 84FB8EFA28D24713005E6B0E /* RegistrationRouter.swift */; };
/* End PBXBuildFile section */

/* Begin PBXFileReference section */
		840550D228D361B700A3FBBF /* en */ = {isa = PBXFileReference; lastKnownFileType = text.plist.strings; name = en; path = en.lproj/InfoPlist.strings; sourceTree = "<group>"; };
		840550D428D3624200A3FBBF /* ru */ = {isa = PBXFileReference; lastKnownFileType = text.plist.strings; name = ru; path = ru.lproj/InfoPlist.strings; sourceTree = "<group>"; };
		8410573A28D310C800741B11 /* LogOutViewController.swift */ = {isa = PBXFileReference; lastKnownFileType = sourcecode.swift; path = LogOutViewController.swift; sourceTree = "<group>"; };
		8410573B28D310C800741B11 /* LogOutViewController.xib */ = {isa = PBXFileReference; lastKnownFileType = file.xib; path = LogOutViewController.xib; sourceTree = "<group>"; };
		8410573E28D3110100741B11 /* LogOutViewPresenter.swift */ = {isa = PBXFileReference; lastKnownFileType = sourcecode.swift; path = LogOutViewPresenter.swift; sourceTree = "<group>"; };
		8410574028D3110F00741B11 /* LogOutRouter.swift */ = {isa = PBXFileReference; lastKnownFileType = sourcecode.swift; path = LogOutRouter.swift; sourceTree = "<group>"; };
		8414492828AC2B4F00308711 /* ScoreViewPresenter.swift */ = {isa = PBXFileReference; fileEncoding = 4; lastKnownFileType = sourcecode.swift; path = ScoreViewPresenter.swift; sourceTree = "<group>"; };
		8414492A28AC2B4F00308711 /* ScoreViewController.swift */ = {isa = PBXFileReference; fileEncoding = 4; lastKnownFileType = sourcecode.swift; path = ScoreViewController.swift; sourceTree = "<group>"; };
		8414492D28AC2B9B00308711 /* Router.swift */ = {isa = PBXFileReference; fileEncoding = 4; lastKnownFileType = sourcecode.swift; name = Router.swift; path = DiplomProject_LiveScoreFootball/Router.swift; sourceTree = SOURCE_ROOT; };
		8414492E28AC2B9B00308711 /* ModuleBuilder.swift */ = {isa = PBXFileReference; fileEncoding = 4; lastKnownFileType = sourcecode.swift; name = ModuleBuilder.swift; path = DiplomProject_LiveScoreFootball/ModuleBuilder.swift; sourceTree = SOURCE_ROOT; };
		8414493128AC57B700308711 /* ScoreTableViewCell.swift */ = {isa = PBXFileReference; lastKnownFileType = sourcecode.swift; path = ScoreTableViewCell.swift; sourceTree = "<group>"; };
		8414493228AC57B700308711 /* ScoreTableViewCell.xib */ = {isa = PBXFileReference; lastKnownFileType = file.xib; path = ScoreTableViewCell.xib; sourceTree = "<group>"; };
		8414493728AC58FA00308711 /* ScoreViewController+Extensions.swift */ = {isa = PBXFileReference; lastKnownFileType = sourcecode.swift; path = "ScoreViewController+Extensions.swift"; sourceTree = "<group>"; };
		841FD90628CCF3B900905828 /* UITableView+Extensions.swift */ = {isa = PBXFileReference; lastKnownFileType = sourcecode.swift; path = "UITableView+Extensions.swift"; sourceTree = "<group>"; };
		842548F828A1BC850078427F /* DiplomProject_LiveScoreFootball.app */ = {isa = PBXFileReference; explicitFileType = wrapper.application; includeInIndex = 0; path = DiplomProject_LiveScoreFootball.app; sourceTree = BUILT_PRODUCTS_DIR; };
		842548FB28A1BC850078427F /* AppDelegate.swift */ = {isa = PBXFileReference; lastKnownFileType = sourcecode.swift; path = AppDelegate.swift; sourceTree = "<group>"; };
		842548FD28A1BC850078427F /* SceneDelegate.swift */ = {isa = PBXFileReference; lastKnownFileType = sourcecode.swift; path = SceneDelegate.swift; sourceTree = "<group>"; };
		8425490228A1BC850078427F /* Base */ = {isa = PBXFileReference; lastKnownFileType = file.storyboard; name = Base; path = Base.lproj/Main.storyboard; sourceTree = "<group>"; };
		8425490428A1BC880078427F /* Assets.xcassets */ = {isa = PBXFileReference; lastKnownFileType = folder.assetcatalog; path = Assets.xcassets; sourceTree = "<group>"; };
		8425490728A1BC880078427F /* Base */ = {isa = PBXFileReference; lastKnownFileType = file.storyboard; name = Base; path = Base.lproj/LaunchScreen.storyboard; sourceTree = "<group>"; };
		8425490928A1BC880078427F /* Info.plist */ = {isa = PBXFileReference; lastKnownFileType = text.plist.xml; path = Info.plist; sourceTree = "<group>"; };
		8425491728A32E3C0078427F /* Countries.swift */ = {isa = PBXFileReference; lastKnownFileType = sourcecode.swift; path = Countries.swift; sourceTree = "<group>"; };
		8425491A28A333FC0078427F /* LeaguesByCountry.swift */ = {isa = PBXFileReference; lastKnownFileType = sourcecode.swift; path = LeaguesByCountry.swift; sourceTree = "<group>"; };
		842CA0DD28D29AA000DE62BD /* GoogleService-Info.plist */ = {isa = PBXFileReference; fileEncoding = 4; lastKnownFileType = text.plist.xml; name = "GoogleService-Info.plist"; path = "../../../../../../../Downloads/GoogleService-Info.plist"; sourceTree = "<group>"; };
		844DB4DC28C8FB3E002F5C9A /* PlayersByLeagueID.swift */ = {isa = PBXFileReference; lastKnownFileType = sourcecode.swift; path = PlayersByLeagueID.swift; sourceTree = "<group>"; };
		844DB4DE28C8FDF8002F5C9A /* PlayersByTeamIdTableViewCell.swift */ = {isa = PBXFileReference; lastKnownFileType = sourcecode.swift; path = PlayersByTeamIdTableViewCell.swift; sourceTree = "<group>"; };
		844DB4DF28C8FDF8002F5C9A /* PlayersByTeamIdTableViewCell.xib */ = {isa = PBXFileReference; lastKnownFileType = file.xib; path = PlayersByTeamIdTableViewCell.xib; sourceTree = "<group>"; };
		8462CF9728C90A67006B6B50 /* StandingCollectionViewCell.swift */ = {isa = PBXFileReference; lastKnownFileType = sourcecode.swift; path = StandingCollectionViewCell.swift; sourceTree = "<group>"; };
		8462CF9828C90A67006B6B50 /* StandingCollectionViewCell.xib */ = {isa = PBXFileReference; lastKnownFileType = file.xib; path = StandingCollectionViewCell.xib; sourceTree = "<group>"; };
		8462CF9B28C9CFE9006B6B50 /* LastFixturesByLeagueTableViewCell.swift */ = {isa = PBXFileReference; lastKnownFileType = sourcecode.swift; path = LastFixturesByLeagueTableViewCell.swift; sourceTree = "<group>"; };
		8462CF9C28C9CFE9006B6B50 /* LastFixturesByLeagueTableViewCell.xib */ = {isa = PBXFileReference; lastKnownFileType = file.xib; path = LastFixturesByLeagueTableViewCell.xib; sourceTree = "<group>"; };
		8476A4D428C4BF8600E58D73 /* SecondTeamEventsTableViewCell.swift */ = {isa = PBXFileReference; lastKnownFileType = sourcecode.swift; path = SecondTeamEventsTableViewCell.swift; sourceTree = "<group>"; };
		8476A4D528C4BF8600E58D73 /* SecondTeamEventsTableViewCell.xib */ = {isa = PBXFileReference; lastKnownFileType = file.xib; path = SecondTeamEventsTableViewCell.xib; sourceTree = "<group>"; };
		8476A4D828C4DA0700E58D73 /* StatisticsTableViewCell.swift */ = {isa = PBXFileReference; lastKnownFileType = sourcecode.swift; path = StatisticsTableViewCell.swift; sourceTree = "<group>"; };
		8476A4D928C4DA0700E58D73 /* StatisticsTableViewCell.xib */ = {isa = PBXFileReference; lastKnownFileType = file.xib; path = StatisticsTableViewCell.xib; sourceTree = "<group>"; };
		8476A4DC28C7297700E58D73 /* MatchLineupsTableViewCell.swift */ = {isa = PBXFileReference; lastKnownFileType = sourcecode.swift; path = MatchLineupsTableViewCell.swift; sourceTree = "<group>"; };
		8476A4DD28C7297700E58D73 /* MatchLineupsTableViewCell.xib */ = {isa = PBXFileReference; lastKnownFileType = file.xib; path = MatchLineupsTableViewCell.xib; sourceTree = "<group>"; };
		848E85F728C14DC300D3804C /* FutureTeamInfoTableViewCell.swift */ = {isa = PBXFileReference; lastKnownFileType = sourcecode.swift; path = FutureTeamInfoTableViewCell.swift; sourceTree = "<group>"; };
		848E85F828C14DC300D3804C /* FutureTeamInfoTableViewCell.xib */ = {isa = PBXFileReference; lastKnownFileType = file.xib; path = FutureTeamInfoTableViewCell.xib; sourceTree = "<group>"; };
		848E860128C1CEB600D3804C /* EventsTableViewCell.swift */ = {isa = PBXFileReference; lastKnownFileType = sourcecode.swift; path = EventsTableViewCell.swift; sourceTree = "<group>"; };
		848E860228C1CEB600D3804C /* EventsTableViewCell.xib */ = {isa = PBXFileReference; lastKnownFileType = file.xib; path = EventsTableViewCell.xib; sourceTree = "<group>"; };
		848E860528C1CF1B00D3804C /* MatchEventsViewController.swift */ = {isa = PBXFileReference; lastKnownFileType = sourcecode.swift; path = MatchEventsViewController.swift; sourceTree = "<group>"; };
		848E860628C1CF1B00D3804C /* MatchEventsViewController.xib */ = {isa = PBXFileReference; lastKnownFileType = file.xib; path = MatchEventsViewController.xib; sourceTree = "<group>"; };
		848E860928C1D03C00D3804C /* MatchEventsViewPresenterProtocol.swift */ = {isa = PBXFileReference; lastKnownFileType = sourcecode.swift; path = MatchEventsViewPresenterProtocol.swift; sourceTree = "<group>"; };
		848E860B28C1D0B100D3804C /* EventsCollectionViewCell.swift */ = {isa = PBXFileReference; lastKnownFileType = sourcecode.swift; path = EventsCollectionViewCell.swift; sourceTree = "<group>"; };
		848E860C28C1D0B100D3804C /* EventsCollectionViewCell.xib */ = {isa = PBXFileReference; lastKnownFileType = file.xib; path = EventsCollectionViewCell.xib; sourceTree = "<group>"; };
		848E860F28C1D28000D3804C /* MatchEventsRouter.swift */ = {isa = PBXFileReference; lastKnownFileType = sourcecode.swift; path = MatchEventsRouter.swift; sourceTree = "<group>"; };
		848E861128C1D59A00D3804C /* MatchEventsViewController+Extensions.swift */ = {isa = PBXFileReference; lastKnownFileType = sourcecode.swift; path = "MatchEventsViewController+Extensions.swift"; sourceTree = "<group>"; };
		848E9F2F28BDD16E002A520C /* TeamInfoViewController.swift */ = {isa = PBXFileReference; lastKnownFileType = sourcecode.swift; path = TeamInfoViewController.swift; sourceTree = "<group>"; };
		848E9F3028BDD16E002A520C /* TeamInfoViewController.xib */ = {isa = PBXFileReference; lastKnownFileType = file.xib; path = TeamInfoViewController.xib; sourceTree = "<group>"; };
		848E9F3728BDD344002A520C /* TeamInfoViewPresenterProtocol.swift */ = {isa = PBXFileReference; lastKnownFileType = sourcecode.swift; path = TeamInfoViewPresenterProtocol.swift; sourceTree = "<group>"; };
		848E9F3928BDD567002A520C /* TeamInfoRouter.swift */ = {isa = PBXFileReference; lastKnownFileType = sourcecode.swift; path = TeamInfoRouter.swift; sourceTree = "<group>"; };
		848E9F3B28BDDC24002A520C /* TeamInfoViewController+Extensions.swift */ = {isa = PBXFileReference; lastKnownFileType = sourcecode.swift; path = "TeamInfoViewController+Extensions.swift"; sourceTree = "<group>"; };
		848E9F3D28C04FFE002A520C /* TeamInfoCollectionViewCell.swift */ = {isa = PBXFileReference; lastKnownFileType = sourcecode.swift; path = TeamInfoCollectionViewCell.swift; sourceTree = "<group>"; };
		848E9F3E28C04FFE002A520C /* TeamInfoCollectionViewCell.xib */ = {isa = PBXFileReference; lastKnownFileType = file.xib; path = TeamInfoCollectionViewCell.xib; sourceTree = "<group>"; };
		848E9F4628C05D03002A520C /* ModelsForCollectionCells.swift */ = {isa = PBXFileReference; lastKnownFileType = sourcecode.swift; path = ModelsForCollectionCells.swift; sourceTree = "<group>"; };
		84B1D79628A4A6420004A6FF /* LeagueTable.swift */ = {isa = PBXFileReference; lastKnownFileType = sourcecode.swift; path = LeagueTable.swift; sourceTree = "<group>"; };
		84B1D79828A4A8F30004A6FF /* TimeZone.swift */ = {isa = PBXFileReference; lastKnownFileType = sourcecode.swift; path = TimeZone.swift; sourceTree = "<group>"; };
		84B1D79A28A4A9C40004A6FF /* LiveMatches.swift */ = {isa = PBXFileReference; lastKnownFileType = sourcecode.swift; path = LiveMatches.swift; sourceTree = "<group>"; };
		84B1D79C28A4ACB60004A6FF /* MatchesByDate.swift */ = {isa = PBXFileReference; lastKnownFileType = sourcecode.swift; path = MatchesByDate.swift; sourceTree = "<group>"; };
		84B1D79E28A4B2510004A6FF /* MatchesByLeague.swift */ = {isa = PBXFileReference; lastKnownFileType = sourcecode.swift; path = MatchesByLeague.swift; sourceTree = "<group>"; };
		84B1D7A228A4B6110004A6FF /* MatchEvents.swift */ = {isa = PBXFileReference; lastKnownFileType = sourcecode.swift; path = MatchEvents.swift; sourceTree = "<group>"; };
		84B1D7A428A4B7A60004A6FF /* MatchHeadToHead.swift */ = {isa = PBXFileReference; lastKnownFileType = sourcecode.swift; path = MatchHeadToHead.swift; sourceTree = "<group>"; };
		84B1D7A628A4B98F0004A6FF /* MatchLineups.swift */ = {isa = PBXFileReference; lastKnownFileType = sourcecode.swift; path = MatchLineups.swift; sourceTree = "<group>"; };
		84B1D7A828A4BB0C0004A6FF /* MatchStatistics.swift */ = {isa = PBXFileReference; lastKnownFileType = sourcecode.swift; path = MatchStatistics.swift; sourceTree = "<group>"; };
		84B1D7AA28A4BC990004A6FF /* AlamofireAPIProvider.swift */ = {isa = PBXFileReference; lastKnownFileType = sourcecode.swift; path = AlamofireAPIProvider.swift; sourceTree = "<group>"; };
		84B1D7AD28A4C1370004A6FF /* Constants.swift */ = {isa = PBXFileReference; lastKnownFileType = sourcecode.swift; path = Constants.swift; sourceTree = "<group>"; };
		84BD035D28B6174B00E37B33 /* LeaguesByCountryRouter.swift */ = {isa = PBXFileReference; lastKnownFileType = sourcecode.swift; path = LeaguesByCountryRouter.swift; sourceTree = "<group>"; };
		84BD036028B7169000E37B33 /* ScoreRouter.swift */ = {isa = PBXFileReference; lastKnownFileType = sourcecode.swift; path = ScoreRouter.swift; sourceTree = "<group>"; };
		84BD036328B71B4000E37B33 /* FavouritesRouter.swift */ = {isa = PBXFileReference; lastKnownFileType = sourcecode.swift; path = FavouritesRouter.swift; sourceTree = "<group>"; };
		84BD036628B71C6700E37B33 /* LiveRouter.swift */ = {isa = PBXFileReference; lastKnownFileType = sourcecode.swift; path = LiveRouter.swift; sourceTree = "<group>"; };
		84BD036D28B7249600E37B33 /* StandingViewController.swift */ = {isa = PBXFileReference; lastKnownFileType = sourcecode.swift; path = StandingViewController.swift; sourceTree = "<group>"; };
		84BD036E28B7249600E37B33 /* StandingViewController.xib */ = {isa = PBXFileReference; lastKnownFileType = file.xib; path = StandingViewController.xib; sourceTree = "<group>"; };
		84BD037128B725F700E37B33 /* StandingViewPresenter.swift */ = {isa = PBXFileReference; lastKnownFileType = sourcecode.swift; path = StandingViewPresenter.swift; sourceTree = "<group>"; };
		84BD037328B727B400E37B33 /* StandingTableViewCell.swift */ = {isa = PBXFileReference; lastKnownFileType = sourcecode.swift; path = StandingTableViewCell.swift; sourceTree = "<group>"; };
		84BD037428B727B400E37B33 /* StandingTableViewCell.xib */ = {isa = PBXFileReference; lastKnownFileType = file.xib; path = StandingTableViewCell.xib; sourceTree = "<group>"; };
		84CA2DBA28B72DA5001049E5 /* StandingRouter.swift */ = {isa = PBXFileReference; lastKnownFileType = sourcecode.swift; path = StandingRouter.swift; sourceTree = "<group>"; };
		84CA2DBC28B730D5001049E5 /* StandingViewController+Extensions.swift */ = {isa = PBXFileReference; lastKnownFileType = sourcecode.swift; path = "StandingViewController+Extensions.swift"; sourceTree = "<group>"; };
		84CA2DBE28B7CBF1001049E5 /* DateTableViewCell.swift */ = {isa = PBXFileReference; lastKnownFileType = sourcecode.swift; path = DateTableViewCell.swift; sourceTree = "<group>"; };
		84CA2DBF28B7CBF1001049E5 /* DateTableViewCell.xib */ = {isa = PBXFileReference; lastKnownFileType = file.xib; path = DateTableViewCell.xib; sourceTree = "<group>"; };
		84CA2DC328B7CDA7001049E5 /* DateCollectionViewCell.swift */ = {isa = PBXFileReference; lastKnownFileType = sourcecode.swift; path = DateCollectionViewCell.swift; sourceTree = "<group>"; };
		84CA2DC428B7CDA7001049E5 /* DateCollectionViewCell.xib */ = {isa = PBXFileReference; lastKnownFileType = file.xib; path = DateCollectionViewCell.xib; sourceTree = "<group>"; };
		84CA2DC728B91A79001049E5 /* UiViewController+Extensions.swift */ = {isa = PBXFileReference; lastKnownFileType = sourcecode.swift; path = "UiViewController+Extensions.swift"; sourceTree = "<group>"; };
		84CE377528ACDD4400D3A8AF /* ScoreView.xib */ = {isa = PBXFileReference; lastKnownFileType = file.xib; path = ScoreView.xib; sourceTree = "<group>"; };
		84D0E0E628B603D100DBB538 /* TablesRouter.swift */ = {isa = PBXFileReference; lastKnownFileType = sourcecode.swift; path = TablesRouter.swift; sourceTree = "<group>"; };
		84D4F32A28B5C63A000EE729 /* LeaguesByCountryViewController.swift */ = {isa = PBXFileReference; lastKnownFileType = sourcecode.swift; path = LeaguesByCountryViewController.swift; sourceTree = "<group>"; };
		84D4F32B28B5C63A000EE729 /* LeaguesByCountryViewController.xib */ = {isa = PBXFileReference; lastKnownFileType = file.xib; path = LeaguesByCountryViewController.xib; sourceTree = "<group>"; };
		84D4F32E28B5C745000EE729 /* LeaguesByCountryViewPresenter.swift */ = {isa = PBXFileReference; lastKnownFileType = sourcecode.swift; path = LeaguesByCountryViewPresenter.swift; sourceTree = "<group>"; };
		84D4F33028B5C9B3000EE729 /* LeaguesByCountryTableViewCell.swift */ = {isa = PBXFileReference; lastKnownFileType = sourcecode.swift; path = LeaguesByCountryTableViewCell.swift; sourceTree = "<group>"; };
		84D4F33128B5C9B3000EE729 /* LeaguesByCountryTableViewCell.xib */ = {isa = PBXFileReference; lastKnownFileType = file.xib; path = LeaguesByCountryTableViewCell.xib; sourceTree = "<group>"; };
		84D4F33428B5DBBA000EE729 /* LeaguesByCountryName+Extensions.swift */ = {isa = PBXFileReference; lastKnownFileType = sourcecode.swift; path = "LeaguesByCountryName+Extensions.swift"; sourceTree = "<group>"; };
		84EAD93528CE1C85001F3EB6 /* String+Extensions.swift */ = {isa = PBXFileReference; lastKnownFileType = sourcecode.swift; path = "String+Extensions.swift"; sourceTree = "<group>"; };
		84EE906C28B05C9B005EE75C /* UiImageView+Extansion.swift */ = {isa = PBXFileReference; lastKnownFileType = sourcecode.swift; path = "UiImageView+Extansion.swift"; sourceTree = "<group>"; };
		84EE907128B1CF36005EE75C /* LiveViewPresenter.swift */ = {isa = PBXFileReference; lastKnownFileType = sourcecode.swift; path = LiveViewPresenter.swift; sourceTree = "<group>"; };
		84EE907328B1CF7D005EE75C /* LiveViewController.swift */ = {isa = PBXFileReference; lastKnownFileType = sourcecode.swift; path = LiveViewController.swift; sourceTree = "<group>"; };
		84EE907428B1CF7D005EE75C /* LiveViewController.xib */ = {isa = PBXFileReference; lastKnownFileType = file.xib; path = LiveViewController.xib; sourceTree = "<group>"; };
		84EE907728B1DD0E005EE75C /* TabBarViewController.swift */ = {isa = PBXFileReference; lastKnownFileType = sourcecode.swift; path = TabBarViewController.swift; sourceTree = "<group>"; };
		84EE907928B1E390005EE75C /* LiveViewController+Extensions.swift */ = {isa = PBXFileReference; lastKnownFileType = sourcecode.swift; path = "LiveViewController+Extensions.swift"; sourceTree = "<group>"; };
		84EE907E28B1E5CA005EE75C /* FavouritesViewPresenterProtocol.swift */ = {isa = PBXFileReference; lastKnownFileType = sourcecode.swift; path = FavouritesViewPresenterProtocol.swift; sourceTree = "<group>"; };
		84EE908028B1E603005EE75C /* FavouritesViewController.swift */ = {isa = PBXFileReference; lastKnownFileType = sourcecode.swift; path = FavouritesViewController.swift; sourceTree = "<group>"; };
		84EE908128B1E603005EE75C /* FavouritesViewController.xib */ = {isa = PBXFileReference; lastKnownFileType = file.xib; path = FavouritesViewController.xib; sourceTree = "<group>"; };
		84EE908428B1EB26005EE75C /* FavouritesViewController+Extensions.swift */ = {isa = PBXFileReference; lastKnownFileType = sourcecode.swift; path = "FavouritesViewController+Extensions.swift"; sourceTree = "<group>"; };
		84EE908A28B1EE21005EE75C /* TablesViewController.swift */ = {isa = PBXFileReference; lastKnownFileType = sourcecode.swift; path = TablesViewController.swift; sourceTree = "<group>"; };
		84EE908B28B1EE21005EE75C /* TablesViewController.xib */ = {isa = PBXFileReference; lastKnownFileType = file.xib; path = TablesViewController.xib; sourceTree = "<group>"; };
		84EE908E28B1EF1B005EE75C /* TablesViewPresenter.swift */ = {isa = PBXFileReference; lastKnownFileType = sourcecode.swift; path = TablesViewPresenter.swift; sourceTree = "<group>"; };
		84EE909028B1F2B0005EE75C /* TablesViewController+Extensions.swift */ = {isa = PBXFileReference; lastKnownFileType = sourcecode.swift; path = "TablesViewController+Extensions.swift"; sourceTree = "<group>"; };
		84EE909328B25CBA005EE75C /* LiveTableViewCell.swift */ = {isa = PBXFileReference; lastKnownFileType = sourcecode.swift; path = LiveTableViewCell.swift; sourceTree = "<group>"; };
		84EE909428B25CBA005EE75C /* LiveTableViewCell.xib */ = {isa = PBXFileReference; lastKnownFileType = file.xib; path = LiveTableViewCell.xib; sourceTree = "<group>"; };
		84EE909728B37808005EE75C /* TablesViewCell.swift */ = {isa = PBXFileReference; lastKnownFileType = sourcecode.swift; path = TablesViewCell.swift; sourceTree = "<group>"; };
		84EE909828B37808005EE75C /* TablesViewCell.xib */ = {isa = PBXFileReference; lastKnownFileType = file.xib; path = TablesViewCell.xib; sourceTree = "<group>"; };
		84FB8EE928D2358C005E6B0E /* AuthorizationViewController.swift */ = {isa = PBXFileReference; lastKnownFileType = sourcecode.swift; path = AuthorizationViewController.swift; sourceTree = "<group>"; };
		84FB8EEA28D2358C005E6B0E /* AuthorizationViewController.xib */ = {isa = PBXFileReference; lastKnownFileType = file.xib; path = AuthorizationViewController.xib; sourceTree = "<group>"; };
		84FB8EED28D23677005E6B0E /* AuthorizationViewPresenter.swift */ = {isa = PBXFileReference; lastKnownFileType = sourcecode.swift; path = AuthorizationViewPresenter.swift; sourceTree = "<group>"; };
		84FB8EEF28D236DE005E6B0E /* AuthorizationRouter.swift */ = {isa = PBXFileReference; lastKnownFileType = sourcecode.swift; path = AuthorizationRouter.swift; sourceTree = "<group>"; };
		84FB8EF428D24635005E6B0E /* RegistrationViewController.swift */ = {isa = PBXFileReference; lastKnownFileType = sourcecode.swift; path = RegistrationViewController.swift; sourceTree = "<group>"; };
		84FB8EF528D24635005E6B0E /* RegistrationViewController.xib */ = {isa = PBXFileReference; lastKnownFileType = file.xib; path = RegistrationViewController.xib; sourceTree = "<group>"; };
		84FB8EF828D246C8005E6B0E /* RegistrationViewPresenter.swift */ = {isa = PBXFileReference; lastKnownFileType = sourcecode.swift; path = RegistrationViewPresenter.swift; sourceTree = "<group>"; };
		84FB8EFA28D24713005E6B0E /* RegistrationRouter.swift */ = {isa = PBXFileReference; lastKnownFileType = sourcecode.swift; path = RegistrationRouter.swift; sourceTree = "<group>"; };
/* End PBXFileReference section */

/* Begin PBXFrameworksBuildPhase section */
		842548F528A1BC850078427F /* Frameworks */ = {
			isa = PBXFrameworksBuildPhase;
			buildActionMask = 2147483647;
			files = (
				842CA0D428D298D900DE62BD /* FirebaseDatabaseSwift in Frameworks */,
				842CA0D628D298D900DE62BD /* FirebaseFirestore in Frameworks */,
				842CA0CA28D298D900DE62BD /* FirebaseAnalytics in Frameworks */,
				842CA0D828D298D900DE62BD /* FirebaseFirestoreSwift in Frameworks */,
				842CA0D028D298D900DE62BD /* FirebaseAuth in Frameworks */,
				842CA0DC28D298D900DE62BD /* FirebaseStorage in Frameworks */,
				8425491628A32E1E0078427F /* RealmSwift in Frameworks */,
				8425491428A32E1E0078427F /* Realm in Frameworks */,
				841FD90528CCB54700905828 /* SVGKitSwift in Frameworks */,
				842CA0CC28D298D900DE62BD /* FirebaseAnalyticsSwift in Frameworks */,
				84FB8EE228CFAF16005E6B0E /* SnapKit in Frameworks */,
				841FD90328CCB54700905828 /* SVGKit in Frameworks */,
				842CA0D228D298D900DE62BD /* FirebaseDatabase in Frameworks */,
				842CA0DA28D298D900DE62BD /* FirebaseMessaging in Frameworks */,
				842CA0CE28D298D900DE62BD /* FirebaseAppCheck in Frameworks */,
				8425491128A32D260078427F /* Alamofire in Frameworks */,
			);
			runOnlyForDeploymentPostprocessing = 0;
		};
/* End PBXFrameworksBuildPhase section */

/* Begin PBXGroup section */
		8410573628D3106F00741B11 /* LogOutModule */ = {
			isa = PBXGroup;
			children = (
				8410573928D3109900741B11 /* Router */,
				8410573828D3109300741B11 /* Presenter */,
				8410573728D3108D00741B11 /* view */,
			);
			path = LogOutModule;
			sourceTree = "<group>";
		};
		8410573728D3108D00741B11 /* view */ = {
			isa = PBXGroup;
			children = (
				8410573A28D310C800741B11 /* LogOutViewController.swift */,
				8410573B28D310C800741B11 /* LogOutViewController.xib */,
			);
			path = view;
			sourceTree = "<group>";
		};
		8410573828D3109300741B11 /* Presenter */ = {
			isa = PBXGroup;
			children = (
				8410573E28D3110100741B11 /* LogOutViewPresenter.swift */,
			);
			path = Presenter;
			sourceTree = "<group>";
		};
		8410573928D3109900741B11 /* Router */ = {
			isa = PBXGroup;
			children = (
				8410574028D3110F00741B11 /* LogOutRouter.swift */,
			);
			path = Router;
			sourceTree = "<group>";
		};
		8414492628AC2B4F00308711 /* ScoreModule */ = {
			isa = PBXGroup;
			children = (
				84CA2DC228B7CD81001049E5 /* ScoreCollectionViewCell */,
				84BD035F28B7165200E37B33 /* Router */,
				8414493528AC57C100308711 /* ScoreTableViewCell */,
				8414492728AC2B4F00308711 /* Presenter */,
				8414492928AC2B4F00308711 /* View */,
			);
			name = ScoreModule;
			path = DiplomProject_LiveScoreFootball/Modules/ScoreModule;
			sourceTree = SOURCE_ROOT;
		};
		8414492728AC2B4F00308711 /* Presenter */ = {
			isa = PBXGroup;
			children = (
				8414492828AC2B4F00308711 /* ScoreViewPresenter.swift */,
			);
			path = Presenter;
			sourceTree = "<group>";
		};
		8414492928AC2B4F00308711 /* View */ = {
			isa = PBXGroup;
			children = (
				8414492A28AC2B4F00308711 /* ScoreViewController.swift */,
				84CE377528ACDD4400D3A8AF /* ScoreView.xib */,
			);
			path = View;
			sourceTree = "<group>";
		};
		8414493528AC57C100308711 /* ScoreTableViewCell */ = {
			isa = PBXGroup;
			children = (
				8414493128AC57B700308711 /* ScoreTableViewCell.swift */,
				8414493228AC57B700308711 /* ScoreTableViewCell.xib */,
				84CA2DBE28B7CBF1001049E5 /* DateTableViewCell.swift */,
				84CA2DBF28B7CBF1001049E5 /* DateTableViewCell.xib */,
			);
			path = ScoreTableViewCell;
			sourceTree = "<group>";
		};
		8414493628AC58BE00308711 /* Extensions */ = {
			isa = PBXGroup;
			children = (
				8414493728AC58FA00308711 /* ScoreViewController+Extensions.swift */,
				84EE906C28B05C9B005EE75C /* UiImageView+Extansion.swift */,
				84EE907928B1E390005EE75C /* LiveViewController+Extensions.swift */,
				84EE908428B1EB26005EE75C /* FavouritesViewController+Extensions.swift */,
				84EE909028B1F2B0005EE75C /* TablesViewController+Extensions.swift */,
				84D4F33428B5DBBA000EE729 /* LeaguesByCountryName+Extensions.swift */,
				84CA2DBC28B730D5001049E5 /* StandingViewController+Extensions.swift */,
				84CA2DC728B91A79001049E5 /* UiViewController+Extensions.swift */,
				848E9F3B28BDDC24002A520C /* TeamInfoViewController+Extensions.swift */,
				848E861128C1D59A00D3804C /* MatchEventsViewController+Extensions.swift */,
				841FD90628CCF3B900905828 /* UITableView+Extensions.swift */,
				84EAD93528CE1C85001F3EB6 /* String+Extensions.swift */,
			);
			path = Extensions;
			sourceTree = "<group>";
		};
		842548EF28A1BC850078427F = {
			isa = PBXGroup;
			children = (
				842548FA28A1BC850078427F /* DiplomProject_LiveScoreFootball */,
				842548F928A1BC850078427F /* Products */,
			);
			sourceTree = "<group>";
		};
		842548F928A1BC850078427F /* Products */ = {
			isa = PBXGroup;
			children = (
				842548F828A1BC850078427F /* DiplomProject_LiveScoreFootball.app */,
			);
			name = Products;
			sourceTree = "<group>";
		};
		842548FA28A1BC850078427F /* DiplomProject_LiveScoreFootball */ = {
			isa = PBXGroup;
			children = (
				842548FB28A1BC850078427F /* AppDelegate.swift */,
				842548FD28A1BC850078427F /* SceneDelegate.swift */,
				84B1D7AD28A4C1370004A6FF /* Constants.swift */,
				8414492E28AC2B9B00308711 /* ModuleBuilder.swift */,
				8414492D28AC2B9B00308711 /* Router.swift */,
				84EE907728B1DD0E005EE75C /* TabBarViewController.swift */,
				8414493628AC58BE00308711 /* Extensions */,
				84B1D7AC28A4BCA20004A6FF /* Services */,
				84EE908628B1EBE5005EE75C /* Modules */,
				8425491928A32EAE0078427F /* Models */,
				8425490128A1BC850078427F /* Main.storyboard */,
				8425490428A1BC880078427F /* Assets.xcassets */,
				8425490628A1BC880078427F /* LaunchScreen.storyboard */,
				8425490928A1BC880078427F /* Info.plist */,
				842CA0DD28D29AA000DE62BD /* GoogleService-Info.plist */,
				840550D328D361B700A3FBBF /* InfoPlist.strings */,
			);
			path = DiplomProject_LiveScoreFootball;
			sourceTree = "<group>";
		};
		8425491928A32EAE0078427F /* Models */ = {
			isa = PBXGroup;
			children = (
				8425491728A32E3C0078427F /* Countries.swift */,
				8425491A28A333FC0078427F /* LeaguesByCountry.swift */,
				84B1D79628A4A6420004A6FF /* LeagueTable.swift */,
				84B1D79828A4A8F30004A6FF /* TimeZone.swift */,
				84B1D79A28A4A9C40004A6FF /* LiveMatches.swift */,
				84B1D79C28A4ACB60004A6FF /* MatchesByDate.swift */,
				84B1D79E28A4B2510004A6FF /* MatchesByLeague.swift */,
				84B1D7A228A4B6110004A6FF /* MatchEvents.swift */,
				84B1D7A428A4B7A60004A6FF /* MatchHeadToHead.swift */,
				84B1D7A628A4B98F0004A6FF /* MatchLineups.swift */,
				84B1D7A828A4BB0C0004A6FF /* MatchStatistics.swift */,
				848E9F4628C05D03002A520C /* ModelsForCollectionCells.swift */,
				844DB4DC28C8FB3E002F5C9A /* PlayersByLeagueID.swift */,
			);
			path = Models;
			sourceTree = "<group>";
		};
		844DB4E228C909E4002F5C9A /* StandingCollectionViewCell */ = {
			isa = PBXGroup;
			children = (
				8462CF9728C90A67006B6B50 /* StandingCollectionViewCell.swift */,
				8462CF9828C90A67006B6B50 /* StandingCollectionViewCell.xib */,
			);
			path = StandingCollectionViewCell;
			sourceTree = "<group>";
		};
		848E85FB28C1C7EC00D3804C /* MatchStatisticsModule */ = {
			isa = PBXGroup;
			children = (
				848E85FF28C1C81400D3804C /* Cells */,
				848E85FE28C1C80D00D3804C /* Presenter */,
				848E85FD28C1C80600D3804C /* Router */,
				848E85FC28C1C7FE00D3804C /* View */,
			);
			path = MatchStatisticsModule;
			sourceTree = "<group>";
		};
		848E85FC28C1C7FE00D3804C /* View */ = {
			isa = PBXGroup;
			children = (
				848E860528C1CF1B00D3804C /* MatchEventsViewController.swift */,
				848E860628C1CF1B00D3804C /* MatchEventsViewController.xib */,
			);
			path = View;
			sourceTree = "<group>";
		};
		848E85FD28C1C80600D3804C /* Router */ = {
			isa = PBXGroup;
			children = (
				848E860F28C1D28000D3804C /* MatchEventsRouter.swift */,
			);
			path = Router;
			sourceTree = "<group>";
		};
		848E85FE28C1C80D00D3804C /* Presenter */ = {
			isa = PBXGroup;
			children = (
				848E860928C1D03C00D3804C /* MatchEventsViewPresenterProtocol.swift */,
			);
			path = Presenter;
			sourceTree = "<group>";
		};
		848E85FF28C1C81400D3804C /* Cells */ = {
			isa = PBXGroup;
			children = (
				848E860128C1CEB600D3804C /* EventsTableViewCell.swift */,
				848E860228C1CEB600D3804C /* EventsTableViewCell.xib */,
				848E860B28C1D0B100D3804C /* EventsCollectionViewCell.swift */,
				848E860C28C1D0B100D3804C /* EventsCollectionViewCell.xib */,
				8476A4D428C4BF8600E58D73 /* SecondTeamEventsTableViewCell.swift */,
				8476A4D528C4BF8600E58D73 /* SecondTeamEventsTableViewCell.xib */,
				8476A4D828C4DA0700E58D73 /* StatisticsTableViewCell.swift */,
				8476A4D928C4DA0700E58D73 /* StatisticsTableViewCell.xib */,
				8476A4DC28C7297700E58D73 /* MatchLineupsTableViewCell.swift */,
				8476A4DD28C7297700E58D73 /* MatchLineupsTableViewCell.xib */,
			);
			path = Cells;
			sourceTree = "<group>";
		};
		848E9F2A28BDD0D1002A520C /* TeamInfoModule */ = {
			isa = PBXGroup;
			children = (
				848E9F4128C05610002A520C /* CollectionViewCell */,
				848E9F2E28BDD0FE002A520C /* Cells */,
				848E9F2D28BDD0F3002A520C /* Router */,
				848E9F2C28BDD0E8002A520C /* Presenter */,
				848E9F2B28BDD0E1002A520C /* View */,
			);
			path = TeamInfoModule;
			sourceTree = "<group>";
		};
		848E9F2B28BDD0E1002A520C /* View */ = {
			isa = PBXGroup;
			children = (
				848E9F2F28BDD16E002A520C /* TeamInfoViewController.swift */,
				848E9F3028BDD16E002A520C /* TeamInfoViewController.xib */,
			);
			path = View;
			sourceTree = "<group>";
		};
		848E9F2C28BDD0E8002A520C /* Presenter */ = {
			isa = PBXGroup;
			children = (
				848E9F3728BDD344002A520C /* TeamInfoViewPresenterProtocol.swift */,
			);
			path = Presenter;
			sourceTree = "<group>";
		};
		848E9F2D28BDD0F3002A520C /* Router */ = {
			isa = PBXGroup;
			children = (
				848E9F3928BDD567002A520C /* TeamInfoRouter.swift */,
			);
			path = Router;
			sourceTree = "<group>";
		};
		848E9F2E28BDD0FE002A520C /* Cells */ = {
			isa = PBXGroup;
			children = (
				848E85F728C14DC300D3804C /* FutureTeamInfoTableViewCell.swift */,
				848E85F828C14DC300D3804C /* FutureTeamInfoTableViewCell.xib */,
				844DB4DE28C8FDF8002F5C9A /* PlayersByTeamIdTableViewCell.swift */,
				844DB4DF28C8FDF8002F5C9A /* PlayersByTeamIdTableViewCell.xib */,
			);
			path = Cells;
			sourceTree = "<group>";
		};
		848E9F4128C05610002A520C /* CollectionViewCell */ = {
			isa = PBXGroup;
			children = (
				848E9F3D28C04FFE002A520C /* TeamInfoCollectionViewCell.swift */,
				848E9F3E28C04FFE002A520C /* TeamInfoCollectionViewCell.xib */,
			);
			path = CollectionViewCell;
			sourceTree = "<group>";
		};
		84B1D7AC28A4BCA20004A6FF /* Services */ = {
			isa = PBXGroup;
			children = (
				84B1D7AA28A4BC990004A6FF /* AlamofireAPIProvider.swift */,
			);
			path = Services;
			sourceTree = "<group>";
		};
		84BD035F28B7165200E37B33 /* Router */ = {
			isa = PBXGroup;
			children = (
				84BD036028B7169000E37B33 /* ScoreRouter.swift */,
			);
			path = Router;
			sourceTree = "<group>";
		};
		84BD036228B71B1B00E37B33 /* Router */ = {
			isa = PBXGroup;
			children = (
				84BD036328B71B4000E37B33 /* FavouritesRouter.swift */,
			);
			path = Router;
			sourceTree = "<group>";
		};
		84BD036528B71C4900E37B33 /* Router */ = {
			isa = PBXGroup;
			children = (
				84BD036628B71C6700E37B33 /* LiveRouter.swift */,
			);
			path = Router;
			sourceTree = "<group>";
		};
		84BD036828B7235600E37B33 /* TableByLeagueModule */ = {
			isa = PBXGroup;
			children = (
				844DB4E228C909E4002F5C9A /* StandingCollectionViewCell */,
				84BD036C28B723C300E37B33 /* View */,
				84BD036B28B723B900E37B33 /* Presenter */,
				84BD036A28B7238A00E37B33 /* TableViewCell */,
				84BD036928B7237B00E37B33 /* Router */,
			);
			path = TableByLeagueModule;
			sourceTree = "<group>";
		};
		84BD036928B7237B00E37B33 /* Router */ = {
			isa = PBXGroup;
			children = (
				84CA2DBA28B72DA5001049E5 /* StandingRouter.swift */,
			);
			path = Router;
			sourceTree = "<group>";
		};
		84BD036A28B7238A00E37B33 /* TableViewCell */ = {
			isa = PBXGroup;
			children = (
				84BD037328B727B400E37B33 /* StandingTableViewCell.swift */,
				84BD037428B727B400E37B33 /* StandingTableViewCell.xib */,
				8462CF9B28C9CFE9006B6B50 /* LastFixturesByLeagueTableViewCell.swift */,
				8462CF9C28C9CFE9006B6B50 /* LastFixturesByLeagueTableViewCell.xib */,
			);
			path = TableViewCell;
			sourceTree = "<group>";
		};
		84BD036B28B723B900E37B33 /* Presenter */ = {
			isa = PBXGroup;
			children = (
				84BD037128B725F700E37B33 /* StandingViewPresenter.swift */,
			);
			path = Presenter;
			sourceTree = "<group>";
		};
		84BD036C28B723C300E37B33 /* View */ = {
			isa = PBXGroup;
			children = (
				84BD036D28B7249600E37B33 /* StandingViewController.swift */,
				84BD036E28B7249600E37B33 /* StandingViewController.xib */,
			);
			path = View;
			sourceTree = "<group>";
		};
		84CA2DC228B7CD81001049E5 /* ScoreCollectionViewCell */ = {
			isa = PBXGroup;
			children = (
				84CA2DC328B7CDA7001049E5 /* DateCollectionViewCell.swift */,
				84CA2DC428B7CDA7001049E5 /* DateCollectionViewCell.xib */,
			);
			path = ScoreCollectionViewCell;
			sourceTree = "<group>";
		};
		84D0E0E528B603AF00DBB538 /* Router */ = {
			isa = PBXGroup;
			children = (
				84D0E0E628B603D100DBB538 /* TablesRouter.swift */,
			);
			path = Router;
			sourceTree = "<group>";
		};
		84D0E0E828B6168A00DBB538 /* LeaguesByCountryRouter */ = {
			isa = PBXGroup;
			children = (
				84BD035D28B6174B00E37B33 /* LeaguesByCountryRouter.swift */,
			);
			path = LeaguesByCountryRouter;
			sourceTree = "<group>";
		};
		84D4F32628B5C55D000EE729 /* LeaguesByCountryNameModule */ = {
			isa = PBXGroup;
			children = (
				84D0E0E828B6168A00DBB538 /* LeaguesByCountryRouter */,
				84D4F32928B5C5E2000EE729 /* View */,
				84D4F32828B5C5D9000EE729 /* Presenter */,
				84D4F32728B5C5B6000EE729 /* LeaguesByCountryNameTableViewCell */,
			);
			path = LeaguesByCountryNameModule;
			sourceTree = "<group>";
		};
		84D4F32728B5C5B6000EE729 /* LeaguesByCountryNameTableViewCell */ = {
			isa = PBXGroup;
			children = (
				84D4F33028B5C9B3000EE729 /* LeaguesByCountryTableViewCell.swift */,
				84D4F33128B5C9B3000EE729 /* LeaguesByCountryTableViewCell.xib */,
			);
			path = LeaguesByCountryNameTableViewCell;
			sourceTree = "<group>";
		};
		84D4F32828B5C5D9000EE729 /* Presenter */ = {
			isa = PBXGroup;
			children = (
				84D4F32E28B5C745000EE729 /* LeaguesByCountryViewPresenter.swift */,
			);
			path = Presenter;
			sourceTree = "<group>";
		};
		84D4F32928B5C5E2000EE729 /* View */ = {
			isa = PBXGroup;
			children = (
				84D4F32A28B5C63A000EE729 /* LeaguesByCountryViewController.swift */,
				84D4F32B28B5C63A000EE729 /* LeaguesByCountryViewController.xib */,
			);
			path = View;
			sourceTree = "<group>";
		};
		84EE906E28B1CD9B005EE75C /* LiveModule */ = {
			isa = PBXGroup;
			children = (
				84BD036528B71C4900E37B33 /* Router */,
				84EE909228B25C86005EE75C /* LiveTableViewCell */,
				84EE906F28B1CDCC005EE75C /* Presenter */,
				84EE907028B1CDDC005EE75C /* View */,
			);
			path = LiveModule;
			sourceTree = "<group>";
		};
		84EE906F28B1CDCC005EE75C /* Presenter */ = {
			isa = PBXGroup;
			children = (
				84EE907128B1CF36005EE75C /* LiveViewPresenter.swift */,
			);
			path = Presenter;
			sourceTree = "<group>";
		};
		84EE907028B1CDDC005EE75C /* View */ = {
			isa = PBXGroup;
			children = (
				84EE907328B1CF7D005EE75C /* LiveViewController.swift */,
				84EE907428B1CF7D005EE75C /* LiveViewController.xib */,
			);
			path = View;
			sourceTree = "<group>";
		};
		84EE907B28B1E4A1005EE75C /* FavouritesModule */ = {
			isa = PBXGroup;
			children = (
				84BD036228B71B1B00E37B33 /* Router */,
				84EE907C28B1E4D0005EE75C /* Presenter */,
				84EE907D28B1E586005EE75C /* View */,
			);
			path = FavouritesModule;
			sourceTree = "<group>";
		};
		84EE907C28B1E4D0005EE75C /* Presenter */ = {
			isa = PBXGroup;
			children = (
				84EE907E28B1E5CA005EE75C /* FavouritesViewPresenterProtocol.swift */,
			);
			path = Presenter;
			sourceTree = "<group>";
		};
		84EE907D28B1E586005EE75C /* View */ = {
			isa = PBXGroup;
			children = (
				84EE908028B1E603005EE75C /* FavouritesViewController.swift */,
				84EE908128B1E603005EE75C /* FavouritesViewController.xib */,
			);
			path = View;
			sourceTree = "<group>";
		};
		84EE908628B1EBE5005EE75C /* Modules */ = {
			isa = PBXGroup;
			children = (
				8410573628D3106F00741B11 /* LogOutModule */,
				84FB8EE428D2274D005E6B0E /* RegistrationModule */,
				84FB8EE328D2265E005E6B0E /* AuthorizationModule */,
				848E85FB28C1C7EC00D3804C /* MatchStatisticsModule */,
				848E9F2A28BDD0D1002A520C /* TeamInfoModule */,
				84BD036828B7235600E37B33 /* TableByLeagueModule */,
				84D4F32628B5C55D000EE729 /* LeaguesByCountryNameModule */,
				84EE908728B1ED3C005EE75C /* TablesModule */,
				8414492628AC2B4F00308711 /* ScoreModule */,
				84EE907B28B1E4A1005EE75C /* FavouritesModule */,
				84EE906E28B1CD9B005EE75C /* LiveModule */,
			);
			path = Modules;
			sourceTree = "<group>";
		};
		84EE908728B1ED3C005EE75C /* TablesModule */ = {
			isa = PBXGroup;
			children = (
				84D0E0E528B603AF00DBB538 /* Router */,
				84EE909B28B3780E005EE75C /* TablesViewCell */,
				84EE908828B1EDD2005EE75C /* Presenter */,
				84EE908928B1EDDD005EE75C /* View */,
			);
			path = TablesModule;
			sourceTree = "<group>";
		};
		84EE908828B1EDD2005EE75C /* Presenter */ = {
			isa = PBXGroup;
			children = (
				84EE908E28B1EF1B005EE75C /* TablesViewPresenter.swift */,
			);
			path = Presenter;
			sourceTree = "<group>";
		};
		84EE908928B1EDDD005EE75C /* View */ = {
			isa = PBXGroup;
			children = (
				84EE908A28B1EE21005EE75C /* TablesViewController.swift */,
				84EE908B28B1EE21005EE75C /* TablesViewController.xib */,
			);
			path = View;
			sourceTree = "<group>";
		};
		84EE909228B25C86005EE75C /* LiveTableViewCell */ = {
			isa = PBXGroup;
			children = (
				84EE909328B25CBA005EE75C /* LiveTableViewCell.swift */,
				84EE909428B25CBA005EE75C /* LiveTableViewCell.xib */,
			);
			path = LiveTableViewCell;
			sourceTree = "<group>";
		};
		84EE909B28B3780E005EE75C /* TablesViewCell */ = {
			isa = PBXGroup;
			children = (
				84EE909728B37808005EE75C /* TablesViewCell.swift */,
				84EE909828B37808005EE75C /* TablesViewCell.xib */,
			);
			path = TablesViewCell;
			sourceTree = "<group>";
		};
		84FB8EE328D2265E005E6B0E /* AuthorizationModule */ = {
			isa = PBXGroup;
			children = (
				84FB8EE828D23556005E6B0E /* Presenter */,
				84FB8EE728D2354A005E6B0E /* Router */,
				84FB8EE528D2352F005E6B0E /* View */,
			);
			path = AuthorizationModule;
			sourceTree = "<group>";
		};
		84FB8EE428D2274D005E6B0E /* RegistrationModule */ = {
			isa = PBXGroup;
			children = (
				84FB8EF328D2460C005E6B0E /* Router */,
				84FB8EF228D24605005E6B0E /* Presenter */,
				84FB8EF128D245FB005E6B0E /* View */,
			);
			path = RegistrationModule;
			sourceTree = "<group>";
		};
		84FB8EE528D2352F005E6B0E /* View */ = {
			isa = PBXGroup;
			children = (
				84FB8EE928D2358C005E6B0E /* AuthorizationViewController.swift */,
				84FB8EEA28D2358C005E6B0E /* AuthorizationViewController.xib */,
			);
			path = View;
			sourceTree = "<group>";
		};
		84FB8EE728D2354A005E6B0E /* Router */ = {
			isa = PBXGroup;
			children = (
				84FB8EEF28D236DE005E6B0E /* AuthorizationRouter.swift */,
			);
			path = Router;
			sourceTree = "<group>";
		};
		84FB8EE828D23556005E6B0E /* Presenter */ = {
			isa = PBXGroup;
			children = (
				84FB8EED28D23677005E6B0E /* AuthorizationViewPresenter.swift */,
			);
			path = Presenter;
			sourceTree = "<group>";
		};
		84FB8EF128D245FB005E6B0E /* View */ = {
			isa = PBXGroup;
			children = (
				84FB8EF428D24635005E6B0E /* RegistrationViewController.swift */,
				84FB8EF528D24635005E6B0E /* RegistrationViewController.xib */,
			);
			path = View;
			sourceTree = "<group>";
		};
		84FB8EF228D24605005E6B0E /* Presenter */ = {
			isa = PBXGroup;
			children = (
				84FB8EF828D246C8005E6B0E /* RegistrationViewPresenter.swift */,
			);
			path = Presenter;
			sourceTree = "<group>";
		};
		84FB8EF328D2460C005E6B0E /* Router */ = {
			isa = PBXGroup;
			children = (
				84FB8EFA28D24713005E6B0E /* RegistrationRouter.swift */,
			);
			path = Router;
			sourceTree = "<group>";
		};
/* End PBXGroup section */

/* Begin PBXNativeTarget section */
		842548F728A1BC850078427F /* DiplomProject_LiveScoreFootball */ = {
			isa = PBXNativeTarget;
			buildConfigurationList = 8425490C28A1BC880078427F /* Build configuration list for PBXNativeTarget "DiplomProject_LiveScoreFootball" */;
			buildPhases = (
				842548F428A1BC850078427F /* Sources */,
				842548F528A1BC850078427F /* Frameworks */,
				842548F628A1BC850078427F /* Resources */,
			);
			buildRules = (
			);
			dependencies = (
			);
			name = DiplomProject_LiveScoreFootball;
			packageProductDependencies = (
				8425491028A32D260078427F /* Alamofire */,
				8425491328A32E1E0078427F /* Realm */,
				8425491528A32E1E0078427F /* RealmSwift */,
				841FD90228CCB54700905828 /* SVGKit */,
				841FD90428CCB54700905828 /* SVGKitSwift */,
				84FB8EE128CFAF16005E6B0E /* SnapKit */,
				842CA0C928D298D900DE62BD /* FirebaseAnalytics */,
				842CA0CB28D298D900DE62BD /* FirebaseAnalyticsSwift */,
				842CA0CD28D298D900DE62BD /* FirebaseAppCheck */,
				842CA0CF28D298D900DE62BD /* FirebaseAuth */,
				842CA0D128D298D900DE62BD /* FirebaseDatabase */,
				842CA0D328D298D900DE62BD /* FirebaseDatabaseSwift */,
				842CA0D528D298D900DE62BD /* FirebaseFirestore */,
				842CA0D728D298D900DE62BD /* FirebaseFirestoreSwift */,
				842CA0D928D298D900DE62BD /* FirebaseMessaging */,
				842CA0DB28D298D900DE62BD /* FirebaseStorage */,
			);
			productName = DiplomProject_LiveScoreFootball;
			productReference = 842548F828A1BC850078427F /* DiplomProject_LiveScoreFootball.app */;
			productType = "com.apple.product-type.application";
		};
/* End PBXNativeTarget section */

/* Begin PBXProject section */
		842548F028A1BC850078427F /* Project object */ = {
			isa = PBXProject;
			attributes = {
				BuildIndependentTargetsInParallel = 1;
				LastSwiftUpdateCheck = 1340;
				LastUpgradeCheck = 1340;
				TargetAttributes = {
					842548F728A1BC850078427F = {
						CreatedOnToolsVersion = 13.4.1;
					};
				};
			};
			buildConfigurationList = 842548F328A1BC850078427F /* Build configuration list for PBXProject "DiplomProject_LiveScoreFootball" */;
			compatibilityVersion = "Xcode 13.0";
			developmentRegion = en;
			hasScannedForEncodings = 0;
			knownRegions = (
				en,
				Base,
				ru,
			);
			mainGroup = 842548EF28A1BC850078427F;
			packageReferences = (
				8425490F28A32D260078427F /* XCRemoteSwiftPackageReference "Alamofire" */,
				8425491228A32E1E0078427F /* XCRemoteSwiftPackageReference "realm-swift" */,
				841FD90128CCB54700905828 /* XCRemoteSwiftPackageReference "SVGKit" */,
				84FB8EE028CFAF15005E6B0E /* XCRemoteSwiftPackageReference "SnapKit" */,
				842CA0C828D298D800DE62BD /* XCRemoteSwiftPackageReference "firebase-ios-sdk" */,
			);
			productRefGroup = 842548F928A1BC850078427F /* Products */;
			projectDirPath = "";
			projectRoot = "";
			targets = (
				842548F728A1BC850078427F /* DiplomProject_LiveScoreFootball */,
			);
		};
/* End PBXProject section */

/* Begin PBXResourcesBuildPhase section */
		842548F628A1BC850078427F /* Resources */ = {
			isa = PBXResourcesBuildPhase;
			buildActionMask = 2147483647;
			files = (
				84CA2DC628B7CDA7001049E5 /* DateCollectionViewCell.xib in Resources */,
				848E85FA28C14DC300D3804C /* FutureTeamInfoTableViewCell.xib in Resources */,
				8410573D28D310C800741B11 /* LogOutViewController.xib in Resources */,
				848E860428C1CEB600D3804C /* EventsTableViewCell.xib in Resources */,
				84EE908328B1E603005EE75C /* FavouritesViewController.xib in Resources */,
				8425490828A1BC880078427F /* LaunchScreen.storyboard in Resources */,
				848E860828C1CF1C00D3804C /* MatchEventsViewController.xib in Resources */,
				8462CF9A28C90A67006B6B50 /* StandingCollectionViewCell.xib in Resources */,
				848E860E28C1D0B100D3804C /* EventsCollectionViewCell.xib in Resources */,
				8414493428AC57B700308711 /* ScoreTableViewCell.xib in Resources */,
				84EE909A28B37808005EE75C /* TablesViewCell.xib in Resources */,
				84EE908D28B1EE21005EE75C /* TablesViewController.xib in Resources */,
				8425490528A1BC880078427F /* Assets.xcassets in Resources */,
				848E9F4028C04FFE002A520C /* TeamInfoCollectionViewCell.xib in Resources */,
				84FB8EEC28D2358C005E6B0E /* AuthorizationViewController.xib in Resources */,
				8462CF9E28C9CFE9006B6B50 /* LastFixturesByLeagueTableViewCell.xib in Resources */,
				842CA0DE28D29AA000DE62BD /* GoogleService-Info.plist in Resources */,
				84FB8EF728D24635005E6B0E /* RegistrationViewController.xib in Resources */,
				84D4F33328B5C9B3000EE729 /* LeaguesByCountryTableViewCell.xib in Resources */,
				848E9F3228BDD16E002A520C /* TeamInfoViewController.xib in Resources */,
				844DB4E128C8FDF8002F5C9A /* PlayersByTeamIdTableViewCell.xib in Resources */,
				8425490328A1BC850078427F /* Main.storyboard in Resources */,
				84EE909628B25CBA005EE75C /* LiveTableViewCell.xib in Resources */,
				8476A4DF28C7297700E58D73 /* MatchLineupsTableViewCell.xib in Resources */,
				84EE907628B1CF7D005EE75C /* LiveViewController.xib in Resources */,
				84CA2DC128B7CBF1001049E5 /* DateTableViewCell.xib in Resources */,
				84BD037028B7249600E37B33 /* StandingViewController.xib in Resources */,
				8476A4DB28C4DA0700E58D73 /* StatisticsTableViewCell.xib in Resources */,
				84D4F32D28B5C63A000EE729 /* LeaguesByCountryViewController.xib in Resources */,
				84CE377628ACDD4400D3A8AF /* ScoreView.xib in Resources */,
				84BD037628B727B400E37B33 /* StandingTableViewCell.xib in Resources */,
				840550D128D361B700A3FBBF /* InfoPlist.strings in Resources */,
				8476A4D728C4BF8600E58D73 /* SecondTeamEventsTableViewCell.xib in Resources */,
			);
			runOnlyForDeploymentPostprocessing = 0;
		};
/* End PBXResourcesBuildPhase section */

/* Begin PBXSourcesBuildPhase section */
		842548F428A1BC850078427F /* Sources */ = {
			isa = PBXSourcesBuildPhase;
			buildActionMask = 2147483647;
			files = (
				84B1D7AE28A4C1370004A6FF /* Constants.swift in Sources */,
				84BD037228B725F700E37B33 /* StandingViewPresenter.swift in Sources */,
				848E860A28C1D03C00D3804C /* MatchEventsViewPresenterProtocol.swift in Sources */,
				84B1D79B28A4A9C40004A6FF /* LiveMatches.swift in Sources */,
				84EE908F28B1EF1B005EE75C /* TablesViewPresenter.swift in Sources */,
				8425491B28A333FC0078427F /* LeaguesByCountry.swift in Sources */,
				84FB8EFB28D24713005E6B0E /* RegistrationRouter.swift in Sources */,
				8414493028AC2B9B00308711 /* ModuleBuilder.swift in Sources */,
				8410574128D3111000741B11 /* LogOutRouter.swift in Sources */,
				84B1D79F28A4B2510004A6FF /* MatchesByLeague.swift in Sources */,
				848E85F928C14DC300D3804C /* FutureTeamInfoTableViewCell.swift in Sources */,
				848E860328C1CEB600D3804C /* EventsTableViewCell.swift in Sources */,
				842548FC28A1BC850078427F /* AppDelegate.swift in Sources */,
				84EAD93628CE1C85001F3EB6 /* String+Extensions.swift in Sources */,
				848E861028C1D28000D3804C /* MatchEventsRouter.swift in Sources */,
				84B1D7A528A4B7A60004A6FF /* MatchHeadToHead.swift in Sources */,
				84FB8EF028D236DE005E6B0E /* AuthorizationRouter.swift in Sources */,
				848E9F3128BDD16E002A520C /* TeamInfoViewController.swift in Sources */,
				8414492F28AC2B9B00308711 /* Router.swift in Sources */,
				84D0E0E728B603D100DBB538 /* TablesRouter.swift in Sources */,
				84EE907528B1CF7D005EE75C /* LiveViewController.swift in Sources */,
				84BD035E28B6174B00E37B33 /* LeaguesByCountryRouter.swift in Sources */,
				84EE907828B1DD0E005EE75C /* TabBarViewController.swift in Sources */,
				848E861228C1D59A00D3804C /* MatchEventsViewController+Extensions.swift in Sources */,
				84FB8EF928D246C8005E6B0E /* RegistrationViewPresenter.swift in Sources */,
				8476A4DA28C4DA0700E58D73 /* StatisticsTableViewCell.swift in Sources */,
				84EE908228B1E603005EE75C /* FavouritesViewController.swift in Sources */,
				848E860D28C1D0B100D3804C /* EventsCollectionViewCell.swift in Sources */,
				84FB8EF628D24635005E6B0E /* RegistrationViewController.swift in Sources */,
				8476A4D628C4BF8600E58D73 /* SecondTeamEventsTableViewCell.swift in Sources */,
				848E9F3C28BDDC24002A520C /* TeamInfoViewController+Extensions.swift in Sources */,
				84FB8EEB28D2358C005E6B0E /* AuthorizationViewController.swift in Sources */,
				84BD036128B7169000E37B33 /* ScoreRouter.swift in Sources */,
				8462CF9D28C9CFE9006B6B50 /* LastFixturesByLeagueTableViewCell.swift in Sources */,
				84BD036F28B7249600E37B33 /* StandingViewController.swift in Sources */,
				84EE907A28B1E390005EE75C /* LiveViewController+Extensions.swift in Sources */,
				848E9F3F28C04FFE002A520C /* TeamInfoCollectionViewCell.swift in Sources */,
				84D4F33228B5C9B3000EE729 /* LeaguesByCountryTableViewCell.swift in Sources */,
				84B1D7A328A4B6110004A6FF /* MatchEvents.swift in Sources */,
				84B1D79928A4A8F30004A6FF /* TimeZone.swift in Sources */,
				84CA2DC528B7CDA7001049E5 /* DateCollectionViewCell.swift in Sources */,
				8410573F28D3110200741B11 /* LogOutViewPresenter.swift in Sources */,
				84B1D79728A4A6420004A6FF /* LeagueTable.swift in Sources */,
				84EE909128B1F2B0005EE75C /* TablesViewController+Extensions.swift in Sources */,
				84BD036428B71B4000E37B33 /* FavouritesRouter.swift in Sources */,
				844DB4E028C8FDF8002F5C9A /* PlayersByTeamIdTableViewCell.swift in Sources */,
				848E9F4728C05D03002A520C /* ModelsForCollectionCells.swift in Sources */,
				8414493328AC57B700308711 /* ScoreTableViewCell.swift in Sources */,
				84EE908C28B1EE21005EE75C /* TablesViewController.swift in Sources */,
				84EE907228B1CF36005EE75C /* LiveViewPresenter.swift in Sources */,
				84EE909528B25CBA005EE75C /* LiveTableViewCell.swift in Sources */,
				8462CF9928C90A67006B6B50 /* StandingCollectionViewCell.swift in Sources */,
				84B1D7AB28A4BC990004A6FF /* AlamofireAPIProvider.swift in Sources */,
				84B1D7A728A4B98F0004A6FF /* MatchLineups.swift in Sources */,
				848E860728C1CF1C00D3804C /* MatchEventsViewController.swift in Sources */,
				84CA2DC828B91A79001049E5 /* UiViewController+Extensions.swift in Sources */,
				842548FE28A1BC850078427F /* SceneDelegate.swift in Sources */,
				84FB8EEE28D23678005E6B0E /* AuthorizationViewPresenter.swift in Sources */,
				84B1D79D28A4ACB60004A6FF /* MatchesByDate.swift in Sources */,
				844DB4DD28C8FB3F002F5C9A /* PlayersByLeagueID.swift in Sources */,
				84CA2DBD28B730D5001049E5 /* StandingViewController+Extensions.swift in Sources */,
				84EE909928B37808005EE75C /* TablesViewCell.swift in Sources */,
				84EE907F28B1E5CA005EE75C /* FavouritesViewPresenterProtocol.swift in Sources */,
				84D4F33528B5DBBB000EE729 /* LeaguesByCountryName+Extensions.swift in Sources */,
				84BD037528B727B400E37B33 /* StandingTableViewCell.swift in Sources */,
				8414492B28AC2B5000308711 /* ScoreViewPresenter.swift in Sources */,
				8425491828A32E3C0078427F /* Countries.swift in Sources */,
				84BD036728B71C6700E37B33 /* LiveRouter.swift in Sources */,
				84CA2DBB28B72DA5001049E5 /* StandingRouter.swift in Sources */,
				8414493828AC58FA00308711 /* ScoreViewController+Extensions.swift in Sources */,
				841FD90728CCF3BA00905828 /* UITableView+Extensions.swift in Sources */,
				8476A4DE28C7297700E58D73 /* MatchLineupsTableViewCell.swift in Sources */,
				84EE908528B1EB26005EE75C /* FavouritesViewController+Extensions.swift in Sources */,
				84B1D7A928A4BB0C0004A6FF /* MatchStatistics.swift in Sources */,
				84CA2DC028B7CBF1001049E5 /* DateTableViewCell.swift in Sources */,
				84D4F32F28B5C745000EE729 /* LeaguesByCountryViewPresenter.swift in Sources */,
				848E9F3A28BDD567002A520C /* TeamInfoRouter.swift in Sources */,
				84EE906D28B05C9B005EE75C /* UiImageView+Extansion.swift in Sources */,
				8414492C28AC2B5000308711 /* ScoreViewController.swift in Sources */,
				848E9F3828BDD344002A520C /* TeamInfoViewPresenterProtocol.swift in Sources */,
				8410573C28D310C800741B11 /* LogOutViewController.swift in Sources */,
				84D4F32C28B5C63A000EE729 /* LeaguesByCountryViewController.swift in Sources */,
			);
			runOnlyForDeploymentPostprocessing = 0;
		};
/* End PBXSourcesBuildPhase section */

/* Begin PBXVariantGroup section */
		840550D328D361B700A3FBBF /* InfoPlist.strings */ = {
			isa = PBXVariantGroup;
			children = (
				840550D228D361B700A3FBBF /* en */,
				840550D428D3624200A3FBBF /* ru */,
			);
			name = InfoPlist.strings;
			sourceTree = "<group>";
		};
		8425490128A1BC850078427F /* Main.storyboard */ = {
			isa = PBXVariantGroup;
			children = (
				8425490228A1BC850078427F /* Base */,
			);
			name = Main.storyboard;
			sourceTree = "<group>";
		};
		8425490628A1BC880078427F /* LaunchScreen.storyboard */ = {
			isa = PBXVariantGroup;
			children = (
				8425490728A1BC880078427F /* Base */,
			);
			name = LaunchScreen.storyboard;
			sourceTree = "<group>";
		};
/* End PBXVariantGroup section */

/* Begin XCBuildConfiguration section */
		8425490A28A1BC880078427F /* Debug */ = {
			isa = XCBuildConfiguration;
			buildSettings = {
				ALWAYS_SEARCH_USER_PATHS = NO;
				CLANG_ANALYZER_LOCALIZABILITY_NONLOCALIZED = YES;
				CLANG_ANALYZER_NONNULL = YES;
				CLANG_ANALYZER_NUMBER_OBJECT_CONVERSION = YES_AGGRESSIVE;
				CLANG_CXX_LANGUAGE_STANDARD = "gnu++17";
				CLANG_ENABLE_MODULES = YES;
				CLANG_ENABLE_OBJC_ARC = YES;
				CLANG_ENABLE_OBJC_WEAK = YES;
				CLANG_WARN_BLOCK_CAPTURE_AUTORELEASING = YES;
				CLANG_WARN_BOOL_CONVERSION = YES;
				CLANG_WARN_COMMA = YES;
				CLANG_WARN_CONSTANT_CONVERSION = YES;
				CLANG_WARN_DEPRECATED_OBJC_IMPLEMENTATIONS = YES;
				CLANG_WARN_DIRECT_OBJC_ISA_USAGE = YES_ERROR;
				CLANG_WARN_DOCUMENTATION_COMMENTS = YES;
				CLANG_WARN_EMPTY_BODY = YES;
				CLANG_WARN_ENUM_CONVERSION = YES;
				CLANG_WARN_INFINITE_RECURSION = YES;
				CLANG_WARN_INT_CONVERSION = YES;
				CLANG_WARN_NON_LITERAL_NULL_CONVERSION = YES;
				CLANG_WARN_OBJC_IMPLICIT_RETAIN_SELF = YES;
				CLANG_WARN_OBJC_LITERAL_CONVERSION = YES;
				CLANG_WARN_OBJC_ROOT_CLASS = YES_ERROR;
				CLANG_WARN_QUOTED_INCLUDE_IN_FRAMEWORK_HEADER = YES;
				CLANG_WARN_RANGE_LOOP_ANALYSIS = YES;
				CLANG_WARN_STRICT_PROTOTYPES = YES;
				CLANG_WARN_SUSPICIOUS_MOVE = YES;
				CLANG_WARN_UNGUARDED_AVAILABILITY = YES_AGGRESSIVE;
				CLANG_WARN_UNREACHABLE_CODE = YES;
				CLANG_WARN__DUPLICATE_METHOD_MATCH = YES;
				COPY_PHASE_STRIP = NO;
				DEBUG_INFORMATION_FORMAT = dwarf;
				ENABLE_STRICT_OBJC_MSGSEND = YES;
				ENABLE_TESTABILITY = YES;
				GCC_C_LANGUAGE_STANDARD = gnu11;
				GCC_DYNAMIC_NO_PIC = NO;
				GCC_NO_COMMON_BLOCKS = YES;
				GCC_OPTIMIZATION_LEVEL = 0;
				GCC_PREPROCESSOR_DEFINITIONS = (
					"DEBUG=1",
					"$(inherited)",
				);
				GCC_WARN_64_TO_32_BIT_CONVERSION = YES;
				GCC_WARN_ABOUT_RETURN_TYPE = YES_ERROR;
				GCC_WARN_UNDECLARED_SELECTOR = YES;
				GCC_WARN_UNINITIALIZED_AUTOS = YES_AGGRESSIVE;
				GCC_WARN_UNUSED_FUNCTION = YES;
				GCC_WARN_UNUSED_VARIABLE = YES;
				IPHONEOS_DEPLOYMENT_TARGET = 15.5;
				MTL_ENABLE_DEBUG_INFO = INCLUDE_SOURCE;
				MTL_FAST_MATH = YES;
				ONLY_ACTIVE_ARCH = YES;
				SDKROOT = iphoneos;
				SWIFT_ACTIVE_COMPILATION_CONDITIONS = DEBUG;
				SWIFT_OPTIMIZATION_LEVEL = "-Onone";
			};
			name = Debug;
		};
		8425490B28A1BC880078427F /* Release */ = {
			isa = XCBuildConfiguration;
			buildSettings = {
				ALWAYS_SEARCH_USER_PATHS = NO;
				CLANG_ANALYZER_LOCALIZABILITY_NONLOCALIZED = YES;
				CLANG_ANALYZER_NONNULL = YES;
				CLANG_ANALYZER_NUMBER_OBJECT_CONVERSION = YES_AGGRESSIVE;
				CLANG_CXX_LANGUAGE_STANDARD = "gnu++17";
				CLANG_ENABLE_MODULES = YES;
				CLANG_ENABLE_OBJC_ARC = YES;
				CLANG_ENABLE_OBJC_WEAK = YES;
				CLANG_WARN_BLOCK_CAPTURE_AUTORELEASING = YES;
				CLANG_WARN_BOOL_CONVERSION = YES;
				CLANG_WARN_COMMA = YES;
				CLANG_WARN_CONSTANT_CONVERSION = YES;
				CLANG_WARN_DEPRECATED_OBJC_IMPLEMENTATIONS = YES;
				CLANG_WARN_DIRECT_OBJC_ISA_USAGE = YES_ERROR;
				CLANG_WARN_DOCUMENTATION_COMMENTS = YES;
				CLANG_WARN_EMPTY_BODY = YES;
				CLANG_WARN_ENUM_CONVERSION = YES;
				CLANG_WARN_INFINITE_RECURSION = YES;
				CLANG_WARN_INT_CONVERSION = YES;
				CLANG_WARN_NON_LITERAL_NULL_CONVERSION = YES;
				CLANG_WARN_OBJC_IMPLICIT_RETAIN_SELF = YES;
				CLANG_WARN_OBJC_LITERAL_CONVERSION = YES;
				CLANG_WARN_OBJC_ROOT_CLASS = YES_ERROR;
				CLANG_WARN_QUOTED_INCLUDE_IN_FRAMEWORK_HEADER = YES;
				CLANG_WARN_RANGE_LOOP_ANALYSIS = YES;
				CLANG_WARN_STRICT_PROTOTYPES = YES;
				CLANG_WARN_SUSPICIOUS_MOVE = YES;
				CLANG_WARN_UNGUARDED_AVAILABILITY = YES_AGGRESSIVE;
				CLANG_WARN_UNREACHABLE_CODE = YES;
				CLANG_WARN__DUPLICATE_METHOD_MATCH = YES;
				COPY_PHASE_STRIP = NO;
				DEBUG_INFORMATION_FORMAT = "dwarf-with-dsym";
				ENABLE_NS_ASSERTIONS = NO;
				ENABLE_STRICT_OBJC_MSGSEND = YES;
				GCC_C_LANGUAGE_STANDARD = gnu11;
				GCC_NO_COMMON_BLOCKS = YES;
				GCC_WARN_64_TO_32_BIT_CONVERSION = YES;
				GCC_WARN_ABOUT_RETURN_TYPE = YES_ERROR;
				GCC_WARN_UNDECLARED_SELECTOR = YES;
				GCC_WARN_UNINITIALIZED_AUTOS = YES_AGGRESSIVE;
				GCC_WARN_UNUSED_FUNCTION = YES;
				GCC_WARN_UNUSED_VARIABLE = YES;
				IPHONEOS_DEPLOYMENT_TARGET = 15.5;
				MTL_ENABLE_DEBUG_INFO = NO;
				MTL_FAST_MATH = YES;
				SDKROOT = iphoneos;
				SWIFT_COMPILATION_MODE = wholemodule;
				SWIFT_OPTIMIZATION_LEVEL = "-O";
				VALIDATE_PRODUCT = YES;
			};
			name = Release;
		};
		8425490D28A1BC880078427F /* Debug */ = {
			isa = XCBuildConfiguration;
			buildSettings = {
				ASSETCATALOG_COMPILER_APPICON_NAME = AppIcon;
				ASSETCATALOG_COMPILER_GLOBAL_ACCENT_COLOR_NAME = AccentColor;
				CODE_SIGN_STYLE = Automatic;
				CURRENT_PROJECT_VERSION = 1;
				DEVELOPMENT_TEAM = GZ2W8R43CZ;
				GENERATE_INFOPLIST_FILE = YES;
				INFOPLIST_FILE = DiplomProject_LiveScoreFootball/Info.plist;
				INFOPLIST_KEY_UIApplicationSupportsIndirectInputEvents = YES;
				INFOPLIST_KEY_UILaunchStoryboardName = LaunchScreen;
				INFOPLIST_KEY_UIMainStoryboardFile = Main;
				INFOPLIST_KEY_UISupportedInterfaceOrientations_iPad = "UIInterfaceOrientationPortrait UIInterfaceOrientationPortraitUpsideDown UIInterfaceOrientationLandscapeLeft UIInterfaceOrientationLandscapeRight";
				INFOPLIST_KEY_UISupportedInterfaceOrientations_iPhone = "UIInterfaceOrientationPortrait UIInterfaceOrientationLandscapeLeft UIInterfaceOrientationLandscapeRight";
				LD_RUNPATH_SEARCH_PATHS = (
					"$(inherited)",
					"@executable_path/Frameworks",
				);
				MARKETING_VERSION = 1.0;
				PRODUCT_BUNDLE_IDENTIFIER = "RomanGushchik.DiplomProject-LiveScoreFootball";
				PRODUCT_NAME = "$(TARGET_NAME)";
				SWIFT_EMIT_LOC_STRINGS = YES;
				SWIFT_VERSION = 5.0;
				TARGETED_DEVICE_FAMILY = "1,2";
			};
			name = Debug;
		};
		8425490E28A1BC880078427F /* Release */ = {
			isa = XCBuildConfiguration;
			buildSettings = {
				ASSETCATALOG_COMPILER_APPICON_NAME = AppIcon;
				ASSETCATALOG_COMPILER_GLOBAL_ACCENT_COLOR_NAME = AccentColor;
				CODE_SIGN_STYLE = Automatic;
				CURRENT_PROJECT_VERSION = 1;
				DEVELOPMENT_TEAM = GZ2W8R43CZ;
				GENERATE_INFOPLIST_FILE = YES;
				INFOPLIST_FILE = DiplomProject_LiveScoreFootball/Info.plist;
				INFOPLIST_KEY_UIApplicationSupportsIndirectInputEvents = YES;
				INFOPLIST_KEY_UILaunchStoryboardName = LaunchScreen;
				INFOPLIST_KEY_UIMainStoryboardFile = Main;
				INFOPLIST_KEY_UISupportedInterfaceOrientations_iPad = "UIInterfaceOrientationPortrait UIInterfaceOrientationPortraitUpsideDown UIInterfaceOrientationLandscapeLeft UIInterfaceOrientationLandscapeRight";
				INFOPLIST_KEY_UISupportedInterfaceOrientations_iPhone = "UIInterfaceOrientationPortrait UIInterfaceOrientationLandscapeLeft UIInterfaceOrientationLandscapeRight";
				LD_RUNPATH_SEARCH_PATHS = (
					"$(inherited)",
					"@executable_path/Frameworks",
				);
				MARKETING_VERSION = 1.0;
				PRODUCT_BUNDLE_IDENTIFIER = "RomanGushchik.DiplomProject-LiveScoreFootball";
				PRODUCT_NAME = "$(TARGET_NAME)";
				SWIFT_EMIT_LOC_STRINGS = YES;
				SWIFT_VERSION = 5.0;
				TARGETED_DEVICE_FAMILY = "1,2";
			};
			name = Release;
		};
/* End XCBuildConfiguration section */

/* Begin XCConfigurationList section */
		842548F328A1BC850078427F /* Build configuration list for PBXProject "DiplomProject_LiveScoreFootball" */ = {
			isa = XCConfigurationList;
			buildConfigurations = (
				8425490A28A1BC880078427F /* Debug */,
				8425490B28A1BC880078427F /* Release */,
			);
			defaultConfigurationIsVisible = 0;
			defaultConfigurationName = Release;
		};
		8425490C28A1BC880078427F /* Build configuration list for PBXNativeTarget "DiplomProject_LiveScoreFootball" */ = {
			isa = XCConfigurationList;
			buildConfigurations = (
				8425490D28A1BC880078427F /* Debug */,
				8425490E28A1BC880078427F /* Release */,
			);
			defaultConfigurationIsVisible = 0;
			defaultConfigurationName = Release;
		};
/* End XCConfigurationList section */

/* Begin XCRemoteSwiftPackageReference section */
		841FD90128CCB54700905828 /* XCRemoteSwiftPackageReference "SVGKit" */ = {
			isa = XCRemoteSwiftPackageReference;
			repositoryURL = "https://github.com/SVGKit/SVGKit/";
			requirement = {
				kind = upToNextMajorVersion;
				minimumVersion = 3.0.0;
			};
		};
		8425490F28A32D260078427F /* XCRemoteSwiftPackageReference "Alamofire" */ = {
			isa = XCRemoteSwiftPackageReference;
			repositoryURL = "https://github.com/Alamofire/Alamofire.git";
			requirement = {
				kind = upToNextMajorVersion;
				minimumVersion = 5.0.0;
			};
		};
		8425491228A32E1E0078427F /* XCRemoteSwiftPackageReference "realm-swift" */ = {
			isa = XCRemoteSwiftPackageReference;
			repositoryURL = "https://github.com/realm/realm-swift.git";
			requirement = {
				kind = upToNextMajorVersion;
				minimumVersion = 10.28.2;
			};
		};
		842CA0C828D298D800DE62BD /* XCRemoteSwiftPackageReference "firebase-ios-sdk" */ = {
			isa = XCRemoteSwiftPackageReference;
			repositoryURL = "https://github.com/firebase/firebase-ios-sdk";
			requirement = {
				kind = upToNextMajorVersion;
				minimumVersion = 9.0.0;
			};
		};
		84FB8EE028CFAF15005E6B0E /* XCRemoteSwiftPackageReference "SnapKit" */ = {
			isa = XCRemoteSwiftPackageReference;
			repositoryURL = "https://github.com/SnapKit/SnapKit.git";
			requirement = {
				kind = upToNextMajorVersion;
				minimumVersion = 5.0.0;
			};
		};
/* End XCRemoteSwiftPackageReference section */

/* Begin XCSwiftPackageProductDependency section */
		841FD90228CCB54700905828 /* SVGKit */ = {
			isa = XCSwiftPackageProductDependency;
			package = 841FD90128CCB54700905828 /* XCRemoteSwiftPackageReference "SVGKit" */;
			productName = SVGKit;
		};
		841FD90428CCB54700905828 /* SVGKitSwift */ = {
			isa = XCSwiftPackageProductDependency;
			package = 841FD90128CCB54700905828 /* XCRemoteSwiftPackageReference "SVGKit" */;
			productName = SVGKitSwift;
		};
		8425491028A32D260078427F /* Alamofire */ = {
			isa = XCSwiftPackageProductDependency;
			package = 8425490F28A32D260078427F /* XCRemoteSwiftPackageReference "Alamofire" */;
			productName = Alamofire;
		};
		8425491328A32E1E0078427F /* Realm */ = {
			isa = XCSwiftPackageProductDependency;
			package = 8425491228A32E1E0078427F /* XCRemoteSwiftPackageReference "realm-swift" */;
			productName = Realm;
		};
		8425491528A32E1E0078427F /* RealmSwift */ = {
			isa = XCSwiftPackageProductDependency;
			package = 8425491228A32E1E0078427F /* XCRemoteSwiftPackageReference "realm-swift" */;
			productName = RealmSwift;
		};
		842CA0C928D298D900DE62BD /* FirebaseAnalytics */ = {
			isa = XCSwiftPackageProductDependency;
			package = 842CA0C828D298D800DE62BD /* XCRemoteSwiftPackageReference "firebase-ios-sdk" */;
			productName = FirebaseAnalytics;
		};
		842CA0CB28D298D900DE62BD /* FirebaseAnalyticsSwift */ = {
			isa = XCSwiftPackageProductDependency;
			package = 842CA0C828D298D800DE62BD /* XCRemoteSwiftPackageReference "firebase-ios-sdk" */;
			productName = FirebaseAnalyticsSwift;
		};
		842CA0CD28D298D900DE62BD /* FirebaseAppCheck */ = {
			isa = XCSwiftPackageProductDependency;
			package = 842CA0C828D298D800DE62BD /* XCRemoteSwiftPackageReference "firebase-ios-sdk" */;
			productName = FirebaseAppCheck;
		};
		842CA0CF28D298D900DE62BD /* FirebaseAuth */ = {
			isa = XCSwiftPackageProductDependency;
			package = 842CA0C828D298D800DE62BD /* XCRemoteSwiftPackageReference "firebase-ios-sdk" */;
			productName = FirebaseAuth;
		};
		842CA0D128D298D900DE62BD /* FirebaseDatabase */ = {
			isa = XCSwiftPackageProductDependency;
			package = 842CA0C828D298D800DE62BD /* XCRemoteSwiftPackageReference "firebase-ios-sdk" */;
			productName = FirebaseDatabase;
		};
		842CA0D328D298D900DE62BD /* FirebaseDatabaseSwift */ = {
			isa = XCSwiftPackageProductDependency;
			package = 842CA0C828D298D800DE62BD /* XCRemoteSwiftPackageReference "firebase-ios-sdk" */;
			productName = FirebaseDatabaseSwift;
		};
		842CA0D528D298D900DE62BD /* FirebaseFirestore */ = {
			isa = XCSwiftPackageProductDependency;
			package = 842CA0C828D298D800DE62BD /* XCRemoteSwiftPackageReference "firebase-ios-sdk" */;
			productName = FirebaseFirestore;
		};
		842CA0D728D298D900DE62BD /* FirebaseFirestoreSwift */ = {
			isa = XCSwiftPackageProductDependency;
			package = 842CA0C828D298D800DE62BD /* XCRemoteSwiftPackageReference "firebase-ios-sdk" */;
			productName = FirebaseFirestoreSwift;
		};
		842CA0D928D298D900DE62BD /* FirebaseMessaging */ = {
			isa = XCSwiftPackageProductDependency;
			package = 842CA0C828D298D800DE62BD /* XCRemoteSwiftPackageReference "firebase-ios-sdk" */;
			productName = FirebaseMessaging;
		};
		842CA0DB28D298D900DE62BD /* FirebaseStorage */ = {
			isa = XCSwiftPackageProductDependency;
			package = 842CA0C828D298D800DE62BD /* XCRemoteSwiftPackageReference "firebase-ios-sdk" */;
			productName = FirebaseStorage;
		};
		84FB8EE128CFAF16005E6B0E /* SnapKit */ = {
			isa = XCSwiftPackageProductDependency;
			package = 84FB8EE028CFAF15005E6B0E /* XCRemoteSwiftPackageReference "SnapKit" */;
			productName = SnapKit;
		};
/* End XCSwiftPackageProductDependency section */
	};
	rootObject = 842548F028A1BC850078427F /* Project object */;
}
